// !$*UTF8*$!
{
	archiveVersion = 1;
	classes = {
	};
	objectVersion = 51;
	objects = {

/* Begin PBXBuildFile section */
		240D418829D138A900AB3B75 /* SettingFirstCell.swift in Sources */ = {isa = PBXBuildFile; fileRef = 240D418729D138A900AB3B75 /* SettingFirstCell.swift */; };
		240D418A29D1539300AB3B75 /* HistoryChatModel.swift in Sources */ = {isa = PBXBuildFile; fileRef = 240D418929D1539300AB3B75 /* HistoryChatModel.swift */; };
		24162E1929D5E39200DBCCD8 /* Test.swift in Sources */ = {isa = PBXBuildFile; fileRef = 24162E1829D5E39200DBCCD8 /* Test.swift */; };
		242F5F6F29DE7F1B00409E9C /* ResponseGenImageModel.swift in Sources */ = {isa = PBXBuildFile; fileRef = 242F5F6E29DE7F1B00409E9C /* ResponseGenImageModel.swift */; };
		242F5F7129DE7F3400409E9C /* RequestGenImageModel.swift in Sources */ = {isa = PBXBuildFile; fileRef = 242F5F7029DE7F3400409E9C /* RequestGenImageModel.swift */; };
		2434BD5929C8B4B300904079 /* Launch Screen.storyboard in Resources */ = {isa = PBXBuildFile; fileRef = 2434BD5829C8B4B300904079 /* Launch Screen.storyboard */; };
		2444BB9C29D2C793004BF84D /* DataExtension.swift in Sources */ = {isa = PBXBuildFile; fileRef = 2444BB9B29D2C793004BF84D /* DataExtension.swift */; };
		2444BB9E29D327D4004BF84D /* TokenConfig.swift in Sources */ = {isa = PBXBuildFile; fileRef = 2444BB9D29D327D4004BF84D /* TokenConfig.swift */; };
		24455A6129C169B100836890 /* StoreKit.framework in Frameworks */ = {isa = PBXBuildFile; fileRef = 24455A6029C169B100836890 /* StoreKit.framework */; };
		24769468293708200008BDAD /* Roboto-Medium.ttf in Resources */ = {isa = PBXBuildFile; fileRef = 24769464293708200008BDAD /* Roboto-Medium.ttf */; };
		24769469293708200008BDAD /* Roboto-Light.ttf in Resources */ = {isa = PBXBuildFile; fileRef = 24769465293708200008BDAD /* Roboto-Light.ttf */; };
		2476946A293708200008BDAD /* Roboto-Regular.ttf in Resources */ = {isa = PBXBuildFile; fileRef = 24769466293708200008BDAD /* Roboto-Regular.ttf */; };
		2476946B293708200008BDAD /* Roboto-Bold.ttf in Resources */ = {isa = PBXBuildFile; fileRef = 24769467293708200008BDAD /* Roboto-Bold.ttf */; };
		24B2DB9A29C95325007C0126 /* CharacterModel.swift in Sources */ = {isa = PBXBuildFile; fileRef = 24B2DB3129C95325007C0126 /* CharacterModel.swift */; };
		24B2DB9B29C95325007C0126 /* OnboardingModel.swift in Sources */ = {isa = PBXBuildFile; fileRef = 24B2DB3229C95325007C0126 /* OnboardingModel.swift */; };
		24B2DB9D29C95325007C0126 /* QuoteModel.swift in Sources */ = {isa = PBXBuildFile; fileRef = 24B2DB3429C95325007C0126 /* QuoteModel.swift */; };
		24B2DB9E29C95325007C0126 /* ServerConfigModel.swift in Sources */ = {isa = PBXBuildFile; fileRef = 24B2DB3529C95325007C0126 /* ServerConfigModel.swift */; };
		24B2DB9F29C95325007C0126 /* ResponseMessageModel.swift in Sources */ = {isa = PBXBuildFile; fileRef = 24B2DB3729C95325007C0126 /* ResponseMessageModel.swift */; };
		24B2DBA029C95325007C0126 /* APIClient.swift in Sources */ = {isa = PBXBuildFile; fileRef = 24B2DB3829C95325007C0126 /* APIClient.swift */; };
		24B2DBA129C95325007C0126 /* RequestMessageModel.swift in Sources */ = {isa = PBXBuildFile; fileRef = 24B2DB3929C95325007C0126 /* RequestMessageModel.swift */; };
		24B2DBA229C95325007C0126 /* ModelManager.swift in Sources */ = {isa = PBXBuildFile; fileRef = 24B2DB3C29C95325007C0126 /* ModelManager.swift */; };
		24B2DBA429C95325007C0126 /* IAPManager.swift in Sources */ = {isa = PBXBuildFile; fileRef = 24B2DB3F29C95325007C0126 /* IAPManager.swift */; };
		24B2DBA529C95325007C0126 /* PurchaseModel.swift in Sources */ = {isa = PBXBuildFile; fileRef = 24B2DB4029C95325007C0126 /* PurchaseModel.swift */; };
		24B2DBA629C95325007C0126 /* PurchaseManager.swift in Sources */ = {isa = PBXBuildFile; fileRef = 24B2DB4129C95325007C0126 /* PurchaseManager.swift */; };
		24B2DBA729C95325007C0126 /* BaseViewController.swift in Sources */ = {isa = PBXBuildFile; fileRef = 24B2DB4329C95325007C0126 /* BaseViewController.swift */; };
		24B2DBA829C95325007C0126 /* BaseTableViewCell.swift in Sources */ = {isa = PBXBuildFile; fileRef = 24B2DB4429C95325007C0126 /* BaseTableViewCell.swift */; };
		24B2DBA929C95325007C0126 /* RxObject.swift in Sources */ = {isa = PBXBuildFile; fileRef = 24B2DB4529C95325007C0126 /* RxObject.swift */; };
		24B2DBAC29C95325007C0126 /* Constants.swift in Sources */ = {isa = PBXBuildFile; fileRef = 24B2DB4B29C95325007C0126 /* Constants.swift */; };
		24B2DBAD29C95325007C0126 /* CommonConfigs.swift in Sources */ = {isa = PBXBuildFile; fileRef = 24B2DB4C29C95325007C0126 /* CommonConfigs.swift */; };
		24B2DBAE29C95325007C0126 /* AppColor.swift in Sources */ = {isa = PBXBuildFile; fileRef = 24B2DB4D29C95325007C0126 /* AppColor.swift */; };
		24B2DBAF29C95325007C0126 /* Configs.swift in Sources */ = {isa = PBXBuildFile; fileRef = 24B2DB4E29C95325007C0126 /* Configs.swift */; };
		24B2DBB029C95325007C0126 /* AppDelegate.swift in Sources */ = {isa = PBXBuildFile; fileRef = 24B2DB4F29C95325007C0126 /* AppDelegate.swift */; };
		24B2DBB129C95325007C0126 /* HomeViewModel.swift in Sources */ = {isa = PBXBuildFile; fileRef = 24B2DB5229C95325007C0126 /* HomeViewModel.swift */; };
		24B2DBB229C95325007C0126 /* MainStyleCell.swift in Sources */ = {isa = PBXBuildFile; fileRef = 24B2DB5329C95325007C0126 /* MainStyleCell.swift */; };
		24B2DBB329C95325007C0126 /* HomeViewController.swift in Sources */ = {isa = PBXBuildFile; fileRef = 24B2DB5429C95325007C0126 /* HomeViewController.swift */; };
		24B2DBB429C95325007C0126 /* OptionStyleCell.swift in Sources */ = {isa = PBXBuildFile; fileRef = 24B2DB5529C95325007C0126 /* OptionStyleCell.swift */; };
		24B2DBB529C95325007C0126 /* BarItemView.swift in Sources */ = {isa = PBXBuildFile; fileRef = 24B2DB5729C95325007C0126 /* BarItemView.swift */; };
		24B2DBB629C95325007C0126 /* CardTabBarController.swift in Sources */ = {isa = PBXBuildFile; fileRef = 24B2DB5829C95325007C0126 /* CardTabBarController.swift */; };
		24B2DBB729C95325007C0126 /* CardTabBarView.swift in Sources */ = {isa = PBXBuildFile; fileRef = 24B2DB5929C95325007C0126 /* CardTabBarView.swift */; };
		24B2DBB829C95325007C0126 /* TabBarViewController.swift in Sources */ = {isa = PBXBuildFile; fileRef = 24B2DB5A29C95325007C0126 /* TabBarViewController.swift */; };
		24B2DBB929C95325007C0126 /* NavigationController.swift in Sources */ = {isa = PBXBuildFile; fileRef = 24B2DB5B29C95325007C0126 /* NavigationController.swift */; };
		24B2DBBD29C95325007C0126 /* ChatViewController.swift in Sources */ = {isa = PBXBuildFile; fileRef = 24B2DB6129C95325007C0126 /* ChatViewController.swift */; };
		24B2DBBE29C95325007C0126 /* CharacterMainCell.swift in Sources */ = {isa = PBXBuildFile; fileRef = 24B2DB6229C95325007C0126 /* CharacterMainCell.swift */; };
		24B2DBBF29C95325007C0126 /* AskingViewController.swift in Sources */ = {isa = PBXBuildFile; fileRef = 24B2DB6329C95325007C0126 /* AskingViewController.swift */; };
		24B2DBC029C95325007C0126 /* AskingViewModel.swift in Sources */ = {isa = PBXBuildFile; fileRef = 24B2DB6429C95325007C0126 /* AskingViewModel.swift */; };
		24B2DBC129C95325007C0126 /* DirectStoreViewController.swift in Sources */ = {isa = PBXBuildFile; fileRef = 24B2DB6629C95325007C0126 /* DirectStoreViewController.swift */; };
		24B2DBC229C95325007C0126 /* DirecStoreViewModel.swift in Sources */ = {isa = PBXBuildFile; fileRef = 24B2DB6729C95325007C0126 /* DirecStoreViewModel.swift */; };
		24B2DBC329C95325007C0126 /* SettingViewController.swift in Sources */ = {isa = PBXBuildFile; fileRef = 24B2DB6929C95325007C0126 /* SettingViewController.swift */; };
		24B2DBC429C95325007C0126 /* SettingCell.swift in Sources */ = {isa = PBXBuildFile; fileRef = 24B2DB6A29C95325007C0126 /* SettingCell.swift */; };
		24B2DBC529C95325007C0126 /* LoadingIndicator.swift in Sources */ = {isa = PBXBuildFile; fileRef = 24B2DB6B29C95325007C0126 /* LoadingIndicator.swift */; };
		24B2DBC629C95325007C0126 /* BaseViewModel.swift in Sources */ = {isa = PBXBuildFile; fileRef = 24B2DB6D29C95325007C0126 /* BaseViewModel.swift */; };
		24B2DBC829C95325007C0126 /* OnboardingMainCell.swift in Sources */ = {isa = PBXBuildFile; fileRef = 24B2DB7029C95325007C0126 /* OnboardingMainCell.swift */; };
		24B2DBC929C95325007C0126 /* OnboardingViewController.swift in Sources */ = {isa = PBXBuildFile; fileRef = 24B2DB7129C95325007C0126 /* OnboardingViewController.swift */; };
		24B2DBD129C95325007C0126 /* CGFloatExtensions.swift in Sources */ = {isa = PBXBuildFile; fileRef = 24B2DB8229C95325007C0126 /* CGFloatExtensions.swift */; };
		24B2DBD229C95325007C0126 /* UIImageViewExtension.swift in Sources */ = {isa = PBXBuildFile; fileRef = 24B2DB8329C95325007C0126 /* UIImageViewExtension.swift */; };
		24B2DBD329C95325007C0126 /* UserDefaultExtension.swift in Sources */ = {isa = PBXBuildFile; fileRef = 24B2DB8429C95325007C0126 /* UserDefaultExtension.swift */; };
		24B2DBD429C95325007C0126 /* UIStackView.swift in Sources */ = {isa = PBXBuildFile; fileRef = 24B2DB8529C95325007C0126 /* UIStackView.swift */; };
		24B2DBD529C95325007C0126 /* UILabelExtension.swift in Sources */ = {isa = PBXBuildFile; fileRef = 24B2DB8629C95325007C0126 /* UILabelExtension.swift */; };
		24B2DBD629C95325007C0126 /* IntExtension.swift in Sources */ = {isa = PBXBuildFile; fileRef = 24B2DB8729C95325007C0126 /* IntExtension.swift */; };
		24B2DBD729C95325007C0126 /* StringExtensions.swift in Sources */ = {isa = PBXBuildFile; fileRef = 24B2DB8829C95325007C0126 /* StringExtensions.swift */; };
		24B2DBD829C95325007C0126 /* CellExtension.swift in Sources */ = {isa = PBXBuildFile; fileRef = 24B2DB8929C95325007C0126 /* CellExtension.swift */; };
		24B2DBD929C95325007C0126 /* UIViewExtension.swift in Sources */ = {isa = PBXBuildFile; fileRef = 24B2DB8A29C95325007C0126 /* UIViewExtension.swift */; };
		24B2DBDA29C95325007C0126 /* UICollectionViewExtension.swift in Sources */ = {isa = PBXBuildFile; fileRef = 24B2DB8B29C95325007C0126 /* UICollectionViewExtension.swift */; };
		24B2DBDB29C95325007C0126 /* BundleExtensions.swift in Sources */ = {isa = PBXBuildFile; fileRef = 24B2DB8C29C95325007C0126 /* BundleExtensions.swift */; };
		24B2DBDC29C95325007C0126 /* UIFontExtension.swift in Sources */ = {isa = PBXBuildFile; fileRef = 24B2DB8D29C95325007C0126 /* UIFontExtension.swift */; };
		24B2DBDD29C95325007C0126 /* DateExtension.swift in Sources */ = {isa = PBXBuildFile; fileRef = 24B2DB8E29C95325007C0126 /* DateExtension.swift */; };
		24B2DBDE29C95325007C0126 /* UIColorExtensions.swift in Sources */ = {isa = PBXBuildFile; fileRef = 24B2DB8F29C95325007C0126 /* UIColorExtensions.swift */; };
		24B2DBDF29C95325007C0126 /* UserDefaultService.swift in Sources */ = {isa = PBXBuildFile; fileRef = 24B2DB9129C95325007C0126 /* UserDefaultService.swift */; };
		24B2DBE029C95325007C0126 /* RewardedAdService.swift in Sources */ = {isa = PBXBuildFile; fileRef = 24B2DB9229C95325007C0126 /* RewardedAdService.swift */; };
		24B2DBE129C95325007C0126 /* AnalyticService.swift in Sources */ = {isa = PBXBuildFile; fileRef = 24B2DB9329C95325007C0126 /* AnalyticService.swift */; };
		24B2DBE229C95325007C0126 /* FilesManager.swift in Sources */ = {isa = PBXBuildFile; fileRef = 24B2DB9429C95325007C0126 /* FilesManager.swift */; };
		24B2DBE329C95325007C0126 /* Schedulers.swift in Sources */ = {isa = PBXBuildFile; fileRef = 24B2DB9529C95325007C0126 /* Schedulers.swift */; };
		24B2DBE529C95DBC007C0126 /* CharacterFirstCell.swift in Sources */ = {isa = PBXBuildFile; fileRef = 24B2DBE429C95DBC007C0126 /* CharacterFirstCell.swift */; };
		24B2DBF229C99D2D007C0126 /* LaunchScreen.storyboard in Resources */ = {isa = PBXBuildFile; fileRef = 24B2DBF029C99D2D007C0126 /* LaunchScreen.storyboard */; };
		24B2DBF329C99D2D007C0126 /* Main.storyboard in Resources */ = {isa = PBXBuildFile; fileRef = 24B2DBF129C99D2D007C0126 /* Main.storyboard */; };
		24C3469D29CD90F2008E35A1 /* IAPModel.swift in Sources */ = {isa = PBXBuildFile; fileRef = 24C3469C29CD90F2008E35A1 /* IAPModel.swift */; };
		24ECFB8B290294DA008F7DA5 /* R.generated.swift in Sources */ = {isa = PBXBuildFile; fileRef = 24ECFB8A290294DA008F7DA5 /* R.generated.swift */; };
		24F2D97F29C19CD200943A87 /* GoogleService-Info.plist in Resources */ = {isa = PBXBuildFile; fileRef = 24F2D97E29C19CD200943A87 /* GoogleService-Info.plist */; };
		D05811F0E7339664E2433194 /* Pods_AODApp.framework in Frameworks */ = {isa = PBXBuildFile; fileRef = 4A1306A617688E8B030DBA6C /* Pods_AODApp.framework */; };
		D8729C8F2431A2250045F4FF /* Assets.xcassets in Resources */ = {isa = PBXBuildFile; fileRef = BE2C22B222A8EE6C003526A6 /* Assets.xcassets */; };
		D88E8CB825812207009864A9 /* Plist in Resources */ = {isa = PBXBuildFile; fileRef = D88E8CB725812207009864A9 /* Plist */; };
/* End PBXBuildFile section */

/* Begin PBXCopyFilesBuildPhase section */
		D86D74A7253377BA00C53DF8 /* Embed App Extensions */ = {
			isa = PBXCopyFilesBuildPhase;
			buildActionMask = 2147483647;
			dstPath = "";
			dstSubfolderSpec = 13;
			files = (
			);
			name = "Embed App Extensions";
			runOnlyForDeploymentPostprocessing = 0;
		};
/* End PBXCopyFilesBuildPhase section */

/* Begin PBXFileReference section */
		00B25AB9F5A97C43ED7027D9 /* Pods-AnimeApp.debug.xcconfig */ = {isa = PBXFileReference; includeInIndex = 1; lastKnownFileType = text.xcconfig; name = "Pods-AnimeApp.debug.xcconfig"; path = "Target Support Files/Pods-AnimeApp/Pods-AnimeApp.debug.xcconfig"; sourceTree = "<group>"; };
		034E462D3067A61F8B64FB84 /* Pods-AODApp.release.xcconfig */ = {isa = PBXFileReference; includeInIndex = 1; lastKnownFileType = text.xcconfig; name = "Pods-AODApp.release.xcconfig"; path = "Target Support Files/Pods-AODApp/Pods-AODApp.release.xcconfig"; sourceTree = "<group>"; };
		11B38547FAA7FE2D609FD1A3 /* Pods-TimelessTalkApp.release.xcconfig */ = {isa = PBXFileReference; includeInIndex = 1; lastKnownFileType = text.xcconfig; name = "Pods-TimelessTalkApp.release.xcconfig"; path = "Target Support Files/Pods-TimelessTalkApp/Pods-TimelessTalkApp.release.xcconfig"; sourceTree = "<group>"; };
		240D418729D138A900AB3B75 /* SettingFirstCell.swift */ = {isa = PBXFileReference; lastKnownFileType = sourcecode.swift; path = SettingFirstCell.swift; sourceTree = "<group>"; };
		240D418929D1539300AB3B75 /* HistoryChatModel.swift */ = {isa = PBXFileReference; lastKnownFileType = sourcecode.swift; path = HistoryChatModel.swift; sourceTree = "<group>"; };
		24162E1829D5E39200DBCCD8 /* Test.swift */ = {isa = PBXFileReference; lastKnownFileType = sourcecode.swift; path = Test.swift; sourceTree = "<group>"; };
		242F5F6E29DE7F1B00409E9C /* ResponseGenImageModel.swift */ = {isa = PBXFileReference; lastKnownFileType = sourcecode.swift; path = ResponseGenImageModel.swift; sourceTree = "<group>"; };
		242F5F7029DE7F3400409E9C /* RequestGenImageModel.swift */ = {isa = PBXFileReference; lastKnownFileType = sourcecode.swift; path = RequestGenImageModel.swift; sourceTree = "<group>"; };
		2434BD5829C8B4B300904079 /* Launch Screen.storyboard */ = {isa = PBXFileReference; fileEncoding = 4; lastKnownFileType = file.storyboard; path = "Launch Screen.storyboard"; sourceTree = "<group>"; };
		2444BB9B29D2C793004BF84D /* DataExtension.swift */ = {isa = PBXFileReference; lastKnownFileType = sourcecode.swift; path = DataExtension.swift; sourceTree = "<group>"; };
		2444BB9D29D327D4004BF84D /* TokenConfig.swift */ = {isa = PBXFileReference; lastKnownFileType = sourcecode.swift; path = TokenConfig.swift; sourceTree = "<group>"; };
		24455A5C29C168FC00836890 /* Qonversion.framework */ = {isa = PBXFileReference; explicitFileType = wrapper.framework; path = Qonversion.framework; sourceTree = BUILT_PRODUCTS_DIR; };
		24455A6029C169B100836890 /* StoreKit.framework */ = {isa = PBXFileReference; lastKnownFileType = wrapper.framework; name = StoreKit.framework; path = Platforms/iPhoneOS.platform/Developer/SDKs/iPhoneOS16.2.sdk/System/Library/Frameworks/StoreKit.framework; sourceTree = DEVELOPER_DIR; };
		24769464293708200008BDAD /* Roboto-Medium.ttf */ = {isa = PBXFileReference; lastKnownFileType = file; path = "Roboto-Medium.ttf"; sourceTree = "<group>"; };
		24769465293708200008BDAD /* Roboto-Light.ttf */ = {isa = PBXFileReference; lastKnownFileType = file; path = "Roboto-Light.ttf"; sourceTree = "<group>"; };
		24769466293708200008BDAD /* Roboto-Regular.ttf */ = {isa = PBXFileReference; lastKnownFileType = file; path = "Roboto-Regular.ttf"; sourceTree = "<group>"; };
		24769467293708200008BDAD /* Roboto-Bold.ttf */ = {isa = PBXFileReference; lastKnownFileType = file; path = "Roboto-Bold.ttf"; sourceTree = "<group>"; };
		249C2A2C29B889DC00E2E8DC /* Qonversion.framework */ = {isa = PBXFileReference; explicitFileType = wrapper.framework; path = Qonversion.framework; sourceTree = BUILT_PRODUCTS_DIR; };
		24B2DB3129C95325007C0126 /* CharacterModel.swift */ = {isa = PBXFileReference; fileEncoding = 4; lastKnownFileType = sourcecode.swift; path = CharacterModel.swift; sourceTree = "<group>"; };
		24B2DB3229C95325007C0126 /* OnboardingModel.swift */ = {isa = PBXFileReference; fileEncoding = 4; lastKnownFileType = sourcecode.swift; path = OnboardingModel.swift; sourceTree = "<group>"; };
		24B2DB3429C95325007C0126 /* QuoteModel.swift */ = {isa = PBXFileReference; fileEncoding = 4; lastKnownFileType = sourcecode.swift; path = QuoteModel.swift; sourceTree = "<group>"; };
		24B2DB3529C95325007C0126 /* ServerConfigModel.swift */ = {isa = PBXFileReference; fileEncoding = 4; lastKnownFileType = sourcecode.swift; path = ServerConfigModel.swift; sourceTree = "<group>"; };
		24B2DB3729C95325007C0126 /* ResponseMessageModel.swift */ = {isa = PBXFileReference; fileEncoding = 4; lastKnownFileType = sourcecode.swift; path = ResponseMessageModel.swift; sourceTree = "<group>"; };
		24B2DB3829C95325007C0126 /* APIClient.swift */ = {isa = PBXFileReference; fileEncoding = 4; lastKnownFileType = sourcecode.swift; path = APIClient.swift; sourceTree = "<group>"; };
		24B2DB3929C95325007C0126 /* RequestMessageModel.swift */ = {isa = PBXFileReference; fileEncoding = 4; lastKnownFileType = sourcecode.swift; path = RequestMessageModel.swift; sourceTree = "<group>"; };
		24B2DB3C29C95325007C0126 /* ModelManager.swift */ = {isa = PBXFileReference; fileEncoding = 4; lastKnownFileType = sourcecode.swift; path = ModelManager.swift; sourceTree = "<group>"; };
		24B2DB3F29C95325007C0126 /* IAPManager.swift */ = {isa = PBXFileReference; fileEncoding = 4; lastKnownFileType = sourcecode.swift; path = IAPManager.swift; sourceTree = "<group>"; };
		24B2DB4029C95325007C0126 /* PurchaseModel.swift */ = {isa = PBXFileReference; fileEncoding = 4; lastKnownFileType = sourcecode.swift; path = PurchaseModel.swift; sourceTree = "<group>"; };
		24B2DB4129C95325007C0126 /* PurchaseManager.swift */ = {isa = PBXFileReference; fileEncoding = 4; lastKnownFileType = sourcecode.swift; path = PurchaseManager.swift; sourceTree = "<group>"; };
		24B2DB4329C95325007C0126 /* BaseViewController.swift */ = {isa = PBXFileReference; fileEncoding = 4; lastKnownFileType = sourcecode.swift; path = BaseViewController.swift; sourceTree = "<group>"; };
		24B2DB4429C95325007C0126 /* BaseTableViewCell.swift */ = {isa = PBXFileReference; fileEncoding = 4; lastKnownFileType = sourcecode.swift; path = BaseTableViewCell.swift; sourceTree = "<group>"; };
		24B2DB4529C95325007C0126 /* RxObject.swift */ = {isa = PBXFileReference; fileEncoding = 4; lastKnownFileType = sourcecode.swift; path = RxObject.swift; sourceTree = "<group>"; };
		24B2DB4B29C95325007C0126 /* Constants.swift */ = {isa = PBXFileReference; fileEncoding = 4; lastKnownFileType = sourcecode.swift; path = Constants.swift; sourceTree = "<group>"; };
		24B2DB4C29C95325007C0126 /* CommonConfigs.swift */ = {isa = PBXFileReference; fileEncoding = 4; lastKnownFileType = sourcecode.swift; path = CommonConfigs.swift; sourceTree = "<group>"; };
		24B2DB4D29C95325007C0126 /* AppColor.swift */ = {isa = PBXFileReference; fileEncoding = 4; lastKnownFileType = sourcecode.swift; path = AppColor.swift; sourceTree = "<group>"; };
		24B2DB4E29C95325007C0126 /* Configs.swift */ = {isa = PBXFileReference; fileEncoding = 4; lastKnownFileType = sourcecode.swift; path = Configs.swift; sourceTree = "<group>"; };
		24B2DB4F29C95325007C0126 /* AppDelegate.swift */ = {isa = PBXFileReference; fileEncoding = 4; lastKnownFileType = sourcecode.swift; path = AppDelegate.swift; sourceTree = "<group>"; };
		24B2DB5229C95325007C0126 /* HomeViewModel.swift */ = {isa = PBXFileReference; fileEncoding = 4; lastKnownFileType = sourcecode.swift; path = HomeViewModel.swift; sourceTree = "<group>"; };
		24B2DB5329C95325007C0126 /* MainStyleCell.swift */ = {isa = PBXFileReference; fileEncoding = 4; lastKnownFileType = sourcecode.swift; path = MainStyleCell.swift; sourceTree = "<group>"; };
		24B2DB5429C95325007C0126 /* HomeViewController.swift */ = {isa = PBXFileReference; fileEncoding = 4; lastKnownFileType = sourcecode.swift; path = HomeViewController.swift; sourceTree = "<group>"; };
		24B2DB5529C95325007C0126 /* OptionStyleCell.swift */ = {isa = PBXFileReference; fileEncoding = 4; lastKnownFileType = sourcecode.swift; path = OptionStyleCell.swift; sourceTree = "<group>"; };
		24B2DB5729C95325007C0126 /* BarItemView.swift */ = {isa = PBXFileReference; fileEncoding = 4; lastKnownFileType = sourcecode.swift; path = BarItemView.swift; sourceTree = "<group>"; };
		24B2DB5829C95325007C0126 /* CardTabBarController.swift */ = {isa = PBXFileReference; fileEncoding = 4; lastKnownFileType = sourcecode.swift; path = CardTabBarController.swift; sourceTree = "<group>"; };
		24B2DB5929C95325007C0126 /* CardTabBarView.swift */ = {isa = PBXFileReference; fileEncoding = 4; lastKnownFileType = sourcecode.swift; path = CardTabBarView.swift; sourceTree = "<group>"; };
		24B2DB5A29C95325007C0126 /* TabBarViewController.swift */ = {isa = PBXFileReference; fileEncoding = 4; lastKnownFileType = sourcecode.swift; path = TabBarViewController.swift; sourceTree = "<group>"; };
		24B2DB5B29C95325007C0126 /* NavigationController.swift */ = {isa = PBXFileReference; fileEncoding = 4; lastKnownFileType = sourcecode.swift; path = NavigationController.swift; sourceTree = "<group>"; };
		24B2DB6129C95325007C0126 /* ChatViewController.swift */ = {isa = PBXFileReference; fileEncoding = 4; lastKnownFileType = sourcecode.swift; path = ChatViewController.swift; sourceTree = "<group>"; };
		24B2DB6229C95325007C0126 /* CharacterMainCell.swift */ = {isa = PBXFileReference; fileEncoding = 4; lastKnownFileType = sourcecode.swift; path = CharacterMainCell.swift; sourceTree = "<group>"; };
		24B2DB6329C95325007C0126 /* AskingViewController.swift */ = {isa = PBXFileReference; fileEncoding = 4; lastKnownFileType = sourcecode.swift; path = AskingViewController.swift; sourceTree = "<group>"; };
		24B2DB6429C95325007C0126 /* AskingViewModel.swift */ = {isa = PBXFileReference; fileEncoding = 4; lastKnownFileType = sourcecode.swift; path = AskingViewModel.swift; sourceTree = "<group>"; };
		24B2DB6629C95325007C0126 /* DirectStoreViewController.swift */ = {isa = PBXFileReference; fileEncoding = 4; lastKnownFileType = sourcecode.swift; path = DirectStoreViewController.swift; sourceTree = "<group>"; };
		24B2DB6729C95325007C0126 /* DirecStoreViewModel.swift */ = {isa = PBXFileReference; fileEncoding = 4; lastKnownFileType = sourcecode.swift; path = DirecStoreViewModel.swift; sourceTree = "<group>"; };
		24B2DB6929C95325007C0126 /* SettingViewController.swift */ = {isa = PBXFileReference; fileEncoding = 4; lastKnownFileType = sourcecode.swift; path = SettingViewController.swift; sourceTree = "<group>"; };
		24B2DB6A29C95325007C0126 /* SettingCell.swift */ = {isa = PBXFileReference; fileEncoding = 4; lastKnownFileType = sourcecode.swift; path = SettingCell.swift; sourceTree = "<group>"; };
		24B2DB6B29C95325007C0126 /* LoadingIndicator.swift */ = {isa = PBXFileReference; fileEncoding = 4; lastKnownFileType = sourcecode.swift; path = LoadingIndicator.swift; sourceTree = "<group>"; };
		24B2DB6D29C95325007C0126 /* BaseViewModel.swift */ = {isa = PBXFileReference; fileEncoding = 4; lastKnownFileType = sourcecode.swift; path = BaseViewModel.swift; sourceTree = "<group>"; };
		24B2DB7029C95325007C0126 /* OnboardingMainCell.swift */ = {isa = PBXFileReference; fileEncoding = 4; lastKnownFileType = sourcecode.swift; path = OnboardingMainCell.swift; sourceTree = "<group>"; };
		24B2DB7129C95325007C0126 /* OnboardingViewController.swift */ = {isa = PBXFileReference; fileEncoding = 4; lastKnownFileType = sourcecode.swift; path = OnboardingViewController.swift; sourceTree = "<group>"; };
		24B2DB8229C95325007C0126 /* CGFloatExtensions.swift */ = {isa = PBXFileReference; fileEncoding = 4; lastKnownFileType = sourcecode.swift; path = CGFloatExtensions.swift; sourceTree = "<group>"; };
		24B2DB8329C95325007C0126 /* UIImageViewExtension.swift */ = {isa = PBXFileReference; fileEncoding = 4; lastKnownFileType = sourcecode.swift; path = UIImageViewExtension.swift; sourceTree = "<group>"; };
		24B2DB8429C95325007C0126 /* UserDefaultExtension.swift */ = {isa = PBXFileReference; fileEncoding = 4; lastKnownFileType = sourcecode.swift; path = UserDefaultExtension.swift; sourceTree = "<group>"; };
		24B2DB8529C95325007C0126 /* UIStackView.swift */ = {isa = PBXFileReference; fileEncoding = 4; lastKnownFileType = sourcecode.swift; path = UIStackView.swift; sourceTree = "<group>"; };
		24B2DB8629C95325007C0126 /* UILabelExtension.swift */ = {isa = PBXFileReference; fileEncoding = 4; lastKnownFileType = sourcecode.swift; path = UILabelExtension.swift; sourceTree = "<group>"; };
		24B2DB8729C95325007C0126 /* IntExtension.swift */ = {isa = PBXFileReference; fileEncoding = 4; lastKnownFileType = sourcecode.swift; path = IntExtension.swift; sourceTree = "<group>"; };
		24B2DB8829C95325007C0126 /* StringExtensions.swift */ = {isa = PBXFileReference; fileEncoding = 4; lastKnownFileType = sourcecode.swift; path = StringExtensions.swift; sourceTree = "<group>"; };
		24B2DB8929C95325007C0126 /* CellExtension.swift */ = {isa = PBXFileReference; fileEncoding = 4; lastKnownFileType = sourcecode.swift; path = CellExtension.swift; sourceTree = "<group>"; };
		24B2DB8A29C95325007C0126 /* UIViewExtension.swift */ = {isa = PBXFileReference; fileEncoding = 4; lastKnownFileType = sourcecode.swift; path = UIViewExtension.swift; sourceTree = "<group>"; };
		24B2DB8B29C95325007C0126 /* UICollectionViewExtension.swift */ = {isa = PBXFileReference; fileEncoding = 4; lastKnownFileType = sourcecode.swift; path = UICollectionViewExtension.swift; sourceTree = "<group>"; };
		24B2DB8C29C95325007C0126 /* BundleExtensions.swift */ = {isa = PBXFileReference; fileEncoding = 4; lastKnownFileType = sourcecode.swift; path = BundleExtensions.swift; sourceTree = "<group>"; };
		24B2DB8D29C95325007C0126 /* UIFontExtension.swift */ = {isa = PBXFileReference; fileEncoding = 4; lastKnownFileType = sourcecode.swift; path = UIFontExtension.swift; sourceTree = "<group>"; };
		24B2DB8E29C95325007C0126 /* DateExtension.swift */ = {isa = PBXFileReference; fileEncoding = 4; lastKnownFileType = sourcecode.swift; path = DateExtension.swift; sourceTree = "<group>"; };
		24B2DB8F29C95325007C0126 /* UIColorExtensions.swift */ = {isa = PBXFileReference; fileEncoding = 4; lastKnownFileType = sourcecode.swift; path = UIColorExtensions.swift; sourceTree = "<group>"; };
		24B2DB9129C95325007C0126 /* UserDefaultService.swift */ = {isa = PBXFileReference; fileEncoding = 4; lastKnownFileType = sourcecode.swift; path = UserDefaultService.swift; sourceTree = "<group>"; };
		24B2DB9229C95325007C0126 /* RewardedAdService.swift */ = {isa = PBXFileReference; fileEncoding = 4; lastKnownFileType = sourcecode.swift; path = RewardedAdService.swift; sourceTree = "<group>"; };
		24B2DB9329C95325007C0126 /* AnalyticService.swift */ = {isa = PBXFileReference; fileEncoding = 4; lastKnownFileType = sourcecode.swift; path = AnalyticService.swift; sourceTree = "<group>"; };
		24B2DB9429C95325007C0126 /* FilesManager.swift */ = {isa = PBXFileReference; fileEncoding = 4; lastKnownFileType = sourcecode.swift; path = FilesManager.swift; sourceTree = "<group>"; };
		24B2DB9529C95325007C0126 /* Schedulers.swift */ = {isa = PBXFileReference; fileEncoding = 4; lastKnownFileType = sourcecode.swift; path = Schedulers.swift; sourceTree = "<group>"; };
		24B2DBE429C95DBC007C0126 /* CharacterFirstCell.swift */ = {isa = PBXFileReference; lastKnownFileType = sourcecode.swift; path = CharacterFirstCell.swift; sourceTree = "<group>"; };
		24B2DBF029C99D2D007C0126 /* LaunchScreen.storyboard */ = {isa = PBXFileReference; fileEncoding = 4; lastKnownFileType = file.storyboard; path = LaunchScreen.storyboard; sourceTree = "<group>"; };
		24B2DBF129C99D2D007C0126 /* Main.storyboard */ = {isa = PBXFileReference; fileEncoding = 4; lastKnownFileType = file.storyboard; path = Main.storyboard; sourceTree = "<group>"; };
		24C3469C29CD90F2008E35A1 /* IAPModel.swift */ = {isa = PBXFileReference; lastKnownFileType = sourcecode.swift; path = IAPModel.swift; sourceTree = "<group>"; };
		24ECFB8A290294DA008F7DA5 /* R.generated.swift */ = {isa = PBXFileReference; fileEncoding = 4; lastKnownFileType = sourcecode.swift; path = R.generated.swift; sourceTree = SOURCE_ROOT; };
		24F2D97E29C19CD200943A87 /* GoogleService-Info.plist */ = {isa = PBXFileReference; fileEncoding = 4; lastKnownFileType = text.plist.xml; path = "GoogleService-Info.plist"; sourceTree = "<group>"; };
		2C81CDB2F24C3513B3FF3B3A /* Pods_AquariumWidgetExtension.framework */ = {isa = PBXFileReference; explicitFileType = wrapper.framework; includeInIndex = 0; path = Pods_AquariumWidgetExtension.framework; sourceTree = BUILT_PRODUCTS_DIR; };
		499CF56D48ADC37EE9D12B73 /* Pods-TimelessTalkApp.debug.xcconfig */ = {isa = PBXFileReference; includeInIndex = 1; lastKnownFileType = text.xcconfig; name = "Pods-TimelessTalkApp.debug.xcconfig"; path = "Target Support Files/Pods-TimelessTalkApp/Pods-TimelessTalkApp.debug.xcconfig"; sourceTree = "<group>"; };
		4A1306A617688E8B030DBA6C /* Pods_AODApp.framework */ = {isa = PBXFileReference; explicitFileType = wrapper.framework; includeInIndex = 0; path = Pods_AODApp.framework; sourceTree = BUILT_PRODUCTS_DIR; };
		5A3F6EB928DF66BB0066A8A5 /* AODApp.entitlements */ = {isa = PBXFileReference; fileEncoding = 4; lastKnownFileType = text.plist.entitlements; path = AODApp.entitlements; sourceTree = "<group>"; };
		777BB157E9CFBB65B441D6AE /* Pods-AODApp.debug.xcconfig */ = {isa = PBXFileReference; includeInIndex = 1; lastKnownFileType = text.xcconfig; name = "Pods-AODApp.debug.xcconfig"; path = "Target Support Files/Pods-AODApp/Pods-AODApp.debug.xcconfig"; sourceTree = "<group>"; };
		7FCAF06C26C2814000940D98 /* StoreKit.framework */ = {isa = PBXFileReference; lastKnownFileType = wrapper.framework; name = StoreKit.framework; path = Platforms/iPhoneOS.platform/Developer/SDKs/iPhoneOS15.0.sdk/System/Library/Frameworks/StoreKit.framework; sourceTree = DEVELOPER_DIR; };
		918E1737999526BB79249ED1 /* Pods-AnimeDiffusionApp.debug.xcconfig */ = {isa = PBXFileReference; includeInIndex = 1; lastKnownFileType = text.xcconfig; name = "Pods-AnimeDiffusionApp.debug.xcconfig"; path = "Target Support Files/Pods-AnimeDiffusionApp/Pods-AnimeDiffusionApp.debug.xcconfig"; sourceTree = "<group>"; };
		9C4DDFD18FF485DF1C4EBB42 /* Pods-AnimeDiffusionApp.release.xcconfig */ = {isa = PBXFileReference; includeInIndex = 1; lastKnownFileType = text.xcconfig; name = "Pods-AnimeDiffusionApp.release.xcconfig"; path = "Target Support Files/Pods-AnimeDiffusionApp/Pods-AnimeDiffusionApp.release.xcconfig"; sourceTree = "<group>"; };
		A4162F10CC95063261CCB3B0 /* Pods-AnimeApp.release.xcconfig */ = {isa = PBXFileReference; includeInIndex = 1; lastKnownFileType = text.xcconfig; name = "Pods-AnimeApp.release.xcconfig"; path = "Target Support Files/Pods-AnimeApp/Pods-AnimeApp.release.xcconfig"; sourceTree = "<group>"; };
		BE2C227122A8E93D003526A6 /* AODApp.app */ = {isa = PBXFileReference; explicitFileType = wrapper.application; includeInIndex = 0; path = AODApp.app; sourceTree = BUILT_PRODUCTS_DIR; };
		BE2C22B222A8EE6C003526A6 /* Assets.xcassets */ = {isa = PBXFileReference; lastKnownFileType = folder.assetcatalog; path = Assets.xcassets; sourceTree = "<group>"; };
		BE2C22C522A8EEC4003526A6 /* project-release.xcconfig */ = {isa = PBXFileReference; fileEncoding = 4; lastKnownFileType = text.xcconfig; path = "project-release.xcconfig"; sourceTree = "<group>"; };
		BE2C22C622A8EEC4003526A6 /* test-iOS-release.xcconfig */ = {isa = PBXFileReference; fileEncoding = 4; lastKnownFileType = text.xcconfig; path = "test-iOS-release.xcconfig"; sourceTree = "<group>"; };
		BE2C22C722A8EEC4003526A6 /* app-iOS-release.xcconfig */ = {isa = PBXFileReference; fileEncoding = 4; lastKnownFileType = text.xcconfig; path = "app-iOS-release.xcconfig"; sourceTree = "<group>"; };
		BE2C22C922A8EEC4003526A6 /* test-iOS-debug.xcconfig */ = {isa = PBXFileReference; fileEncoding = 4; lastKnownFileType = text.xcconfig; path = "test-iOS-debug.xcconfig"; sourceTree = "<group>"; };
		BE2C22CA22A8EEC4003526A6 /* project-debug.xcconfig */ = {isa = PBXFileReference; fileEncoding = 4; lastKnownFileType = text.xcconfig; path = "project-debug.xcconfig"; sourceTree = "<group>"; };
		BE2C22CB22A8EEC4003526A6 /* app-iOS-debug.xcconfig */ = {isa = PBXFileReference; fileEncoding = 4; lastKnownFileType = text.xcconfig; path = "app-iOS-debug.xcconfig"; sourceTree = "<group>"; };
		D8158C5126106F17005CD0EB /* RxCocoa.framework */ = {isa = PBXFileReference; explicitFileType = wrapper.framework; path = RxCocoa.framework; sourceTree = BUILT_PRODUCTS_DIR; };
		D8158C5226106F17005CD0EB /* RxRelay.framework */ = {isa = PBXFileReference; explicitFileType = wrapper.framework; path = RxRelay.framework; sourceTree = BUILT_PRODUCTS_DIR; };
		D8158C5326106F17005CD0EB /* RxSwift.framework */ = {isa = PBXFileReference; explicitFileType = wrapper.framework; path = RxSwift.framework; sourceTree = BUILT_PRODUCTS_DIR; };
		D8158C5426106F17005CD0EB /* SwiftDate.framework */ = {isa = PBXFileReference; explicitFileType = wrapper.framework; path = SwiftDate.framework; sourceTree = BUILT_PRODUCTS_DIR; };
		D8158CFB2610CA60005CD0EB /* Configuration.storekit */ = {isa = PBXFileReference; lastKnownFileType = text; path = Configuration.storekit; sourceTree = "<group>"; };
		D81E7E8A23A0E25300DC31A6 /* MobileVLCKit.framework */ = {isa = PBXFileReference; lastKnownFileType = wrapper.framework; name = MobileVLCKit.framework; path = Pods/MobileVLCKit/MobileVLCKit.framework; sourceTree = "<group>"; };
		D86D7497253377B800C53DF8 /* WidgetKit.framework */ = {isa = PBXFileReference; lastKnownFileType = wrapper.framework; name = WidgetKit.framework; path = Library/Frameworks/WidgetKit.framework; sourceTree = DEVELOPER_DIR; };
		D86D7499253377B800C53DF8 /* SwiftUI.framework */ = {isa = PBXFileReference; lastKnownFileType = wrapper.framework; name = SwiftUI.framework; path = System/Library/Frameworks/SwiftUI.framework; sourceTree = SDKROOT; };
		D88E8CB725812207009864A9 /* Plist */ = {isa = PBXFileReference; lastKnownFileType = folder; path = Plist; sourceTree = "<group>"; };
		D89C504B249E6077001552F5 /* SpriteKit.framework */ = {isa = PBXFileReference; lastKnownFileType = wrapper.framework; name = SpriteKit.framework; path = Platforms/iPhoneOS.platform/Developer/SDKs/iPhoneOS13.5.sdk/System/Library/Frameworks/SpriteKit.framework; sourceTree = DEVELOPER_DIR; };
		D8A8100E25345CD700C7D68D /* SwiftDate.framework */ = {isa = PBXFileReference; explicitFileType = wrapper.framework; path = SwiftDate.framework; sourceTree = BUILT_PRODUCTS_DIR; };
		D8B523C4236945E1003521A6 /* AdSupport.framework */ = {isa = PBXFileReference; lastKnownFileType = wrapper.framework; name = AdSupport.framework; path = Platforms/iPhoneOS.platform/Developer/SDKs/iPhoneOS13.1.sdk/System/Library/Frameworks/AdSupport.framework; sourceTree = DEVELOPER_DIR; };
		D8B523C62369461F003521A6 /* iAd.framework */ = {isa = PBXFileReference; lastKnownFileType = wrapper.framework; name = iAd.framework; path = Platforms/iPhoneOS.platform/Developer/SDKs/iPhoneOS13.1.sdk/System/Library/Frameworks/iAd.framework; sourceTree = DEVELOPER_DIR; };
/* End PBXFileReference section */

/* Begin PBXFrameworksBuildPhase section */
		BE2C226E22A8E93D003526A6 /* Frameworks */ = {
			isa = PBXFrameworksBuildPhase;
			buildActionMask = 2147483647;
			files = (
				24455A6129C169B100836890 /* StoreKit.framework in Frameworks */,
				D05811F0E7339664E2433194 /* Pods_AODApp.framework in Frameworks */,
			);
			runOnlyForDeploymentPostprocessing = 0;
		};
/* End PBXFrameworksBuildPhase section */

/* Begin PBXGroup section */
		24B2DB2729C95325007C0126 /* Sources */ = {
			isa = PBXGroup;
			children = (
				24B2DB2829C95325007C0126 /* Additional Libraries */,
				24B2DB2B29C95325007C0126 /* App */,
				24B2DB8129C95325007C0126 /* Extensions */,
				24B2DB9029C95325007C0126 /* Services */,
			);
			path = Sources;
			sourceTree = "<group>";
		};
		24B2DB2829C95325007C0126 /* Additional Libraries */ = {
			isa = PBXGroup;
			children = (
			);
			path = "Additional Libraries";
			sourceTree = "<group>";
		};
		24B2DB2B29C95325007C0126 /* App */ = {
			isa = PBXGroup;
			children = (
				24B2DB3029C95325007C0126 /* Entities */,
				24B2DBEF29C99D2D007C0126 /* Storyboards */,
				24B2DB3629C95325007C0126 /* APIClient */,
				24B2DB3A29C95325007C0126 /* Managers */,
				24B2DB4229C95325007C0126 /* Bases */,
				24B2DB4A29C95325007C0126 /* Configs */,
				24B2DB5029C95325007C0126 /* Views */,
			);
			path = App;
			sourceTree = "<group>";
		};
		24B2DB3029C95325007C0126 /* Entities */ = {
			isa = PBXGroup;
			children = (
				24B2DB3129C95325007C0126 /* CharacterModel.swift */,
				24B2DB3229C95325007C0126 /* OnboardingModel.swift */,
				24B2DB3429C95325007C0126 /* QuoteModel.swift */,
				24B2DB3529C95325007C0126 /* ServerConfigModel.swift */,
				240D418929D1539300AB3B75 /* HistoryChatModel.swift */,
				2444BB9D29D327D4004BF84D /* TokenConfig.swift */,
			);
			path = Entities;
			sourceTree = "<group>";
		};
		24B2DB3629C95325007C0126 /* APIClient */ = {
			isa = PBXGroup;
			children = (
				24B2DB3729C95325007C0126 /* ResponseMessageModel.swift */,
				24B2DB3829C95325007C0126 /* APIClient.swift */,
				24B2DB3929C95325007C0126 /* RequestMessageModel.swift */,
				242F5F6E29DE7F1B00409E9C /* ResponseGenImageModel.swift */,
				242F5F7029DE7F3400409E9C /* RequestGenImageModel.swift */,
			);
			path = APIClient;
			sourceTree = "<group>";
		};
		24B2DB3A29C95325007C0126 /* Managers */ = {
			isa = PBXGroup;
			children = (
				24B2DB3B29C95325007C0126 /* ModelManager */,
				24B2DB3D29C95325007C0126 /* IAP */,
			);
			path = Managers;
			sourceTree = "<group>";
		};
		24B2DB3B29C95325007C0126 /* ModelManager */ = {
			isa = PBXGroup;
			children = (
				24B2DB3C29C95325007C0126 /* ModelManager.swift */,
			);
			path = ModelManager;
			sourceTree = "<group>";
		};
		24B2DB3D29C95325007C0126 /* IAP */ = {
			isa = PBXGroup;
			children = (
				24B2DB3F29C95325007C0126 /* IAPManager.swift */,
				24B2DB4029C95325007C0126 /* PurchaseModel.swift */,
				24B2DB4129C95325007C0126 /* PurchaseManager.swift */,
				24C3469C29CD90F2008E35A1 /* IAPModel.swift */,
			);
			path = IAP;
			sourceTree = "<group>";
		};
		24B2DB4229C95325007C0126 /* Bases */ = {
			isa = PBXGroup;
			children = (
				24B2DB4329C95325007C0126 /* BaseViewController.swift */,
				24B2DB4429C95325007C0126 /* BaseTableViewCell.swift */,
				24B2DB4529C95325007C0126 /* RxObject.swift */,
			);
			path = Bases;
			sourceTree = "<group>";
		};
		24B2DB4A29C95325007C0126 /* Configs */ = {
			isa = PBXGroup;
			children = (
				24B2DB4B29C95325007C0126 /* Constants.swift */,
				24B2DB4C29C95325007C0126 /* CommonConfigs.swift */,
				24B2DB4D29C95325007C0126 /* AppColor.swift */,
				24B2DB4E29C95325007C0126 /* Configs.swift */,
				24B2DB4F29C95325007C0126 /* AppDelegate.swift */,
			);
			path = Configs;
			sourceTree = "<group>";
		};
		24B2DB5029C95325007C0126 /* Views */ = {
			isa = PBXGroup;
			children = (
				24B2DB5129C95325007C0126 /* Home */,
				24B2DB5629C95325007C0126 /* TabBar */,
				24B2DB6029C95325007C0126 /* Asking */,
				24B2DB6529C95325007C0126 /* Direcstore */,
				24B2DB6829C95325007C0126 /* Setting */,
				24B2DB6B29C95325007C0126 /* LoadingIndicator.swift */,
				24B2DB6C29C95325007C0126 /* Base */,
				24B2DB6E29C95325007C0126 /* Onboarding */,
				24162E1829D5E39200DBCCD8 /* Test.swift */,
			);
			path = Views;
			sourceTree = "<group>";
		};
		24B2DB5129C95325007C0126 /* Home */ = {
			isa = PBXGroup;
			children = (
				24B2DB5229C95325007C0126 /* HomeViewModel.swift */,
				24B2DB5329C95325007C0126 /* MainStyleCell.swift */,
				24B2DB5429C95325007C0126 /* HomeViewController.swift */,
				24B2DB5529C95325007C0126 /* OptionStyleCell.swift */,
			);
			path = Home;
			sourceTree = "<group>";
		};
		24B2DB5629C95325007C0126 /* TabBar */ = {
			isa = PBXGroup;
			children = (
				24B2DB5729C95325007C0126 /* BarItemView.swift */,
				24B2DB5829C95325007C0126 /* CardTabBarController.swift */,
				24B2DB5929C95325007C0126 /* CardTabBarView.swift */,
				24B2DB5A29C95325007C0126 /* TabBarViewController.swift */,
				24B2DB5B29C95325007C0126 /* NavigationController.swift */,
			);
			path = TabBar;
			sourceTree = "<group>";
		};
		24B2DB6029C95325007C0126 /* Asking */ = {
			isa = PBXGroup;
			children = (
				24B2DB6129C95325007C0126 /* ChatViewController.swift */,
				24B2DB6229C95325007C0126 /* CharacterMainCell.swift */,
				24B2DB6329C95325007C0126 /* AskingViewController.swift */,
				24B2DB6429C95325007C0126 /* AskingViewModel.swift */,
				24B2DBE429C95DBC007C0126 /* CharacterFirstCell.swift */,
			);
			path = Asking;
			sourceTree = "<group>";
		};
		24B2DB6529C95325007C0126 /* Direcstore */ = {
			isa = PBXGroup;
			children = (
				24B2DB6629C95325007C0126 /* DirectStoreViewController.swift */,
				24B2DB6729C95325007C0126 /* DirecStoreViewModel.swift */,
			);
			path = Direcstore;
			sourceTree = "<group>";
		};
		24B2DB6829C95325007C0126 /* Setting */ = {
			isa = PBXGroup;
			children = (
				24B2DB6929C95325007C0126 /* SettingViewController.swift */,
				24B2DB6A29C95325007C0126 /* SettingCell.swift */,
				240D418729D138A900AB3B75 /* SettingFirstCell.swift */,
			);
			path = Setting;
			sourceTree = "<group>";
		};
		24B2DB6C29C95325007C0126 /* Base */ = {
			isa = PBXGroup;
			children = (
				24B2DB6D29C95325007C0126 /* BaseViewModel.swift */,
			);
			path = Base;
			sourceTree = "<group>";
		};
		24B2DB6E29C95325007C0126 /* Onboarding */ = {
			isa = PBXGroup;
			children = (
				24B2DB7029C95325007C0126 /* OnboardingMainCell.swift */,
				24B2DB7129C95325007C0126 /* OnboardingViewController.swift */,
			);
			path = Onboarding;
			sourceTree = "<group>";
		};
		24B2DB8129C95325007C0126 /* Extensions */ = {
			isa = PBXGroup;
			children = (
				24B2DB8229C95325007C0126 /* CGFloatExtensions.swift */,
				24B2DB8329C95325007C0126 /* UIImageViewExtension.swift */,
				24B2DB8429C95325007C0126 /* UserDefaultExtension.swift */,
				24B2DB8529C95325007C0126 /* UIStackView.swift */,
				24B2DB8629C95325007C0126 /* UILabelExtension.swift */,
				24B2DB8729C95325007C0126 /* IntExtension.swift */,
				24B2DB8829C95325007C0126 /* StringExtensions.swift */,
				24B2DB8929C95325007C0126 /* CellExtension.swift */,
				24B2DB8A29C95325007C0126 /* UIViewExtension.swift */,
				24B2DB8B29C95325007C0126 /* UICollectionViewExtension.swift */,
				24B2DB8C29C95325007C0126 /* BundleExtensions.swift */,
				24B2DB8D29C95325007C0126 /* UIFontExtension.swift */,
				24B2DB8E29C95325007C0126 /* DateExtension.swift */,
				24B2DB8F29C95325007C0126 /* UIColorExtensions.swift */,
				2444BB9B29D2C793004BF84D /* DataExtension.swift */,
			);
			path = Extensions;
			sourceTree = "<group>";
		};
		24B2DB9029C95325007C0126 /* Services */ = {
			isa = PBXGroup;
			children = (
				24B2DB9129C95325007C0126 /* UserDefaultService.swift */,
				24B2DB9229C95325007C0126 /* RewardedAdService.swift */,
				24B2DB9329C95325007C0126 /* AnalyticService.swift */,
				24B2DB9429C95325007C0126 /* FilesManager.swift */,
				24B2DB9529C95325007C0126 /* Schedulers.swift */,
			);
			path = Services;
			sourceTree = "<group>";
		};
		24B2DBEF29C99D2D007C0126 /* Storyboards */ = {
			isa = PBXGroup;
			children = (
				24B2DBF029C99D2D007C0126 /* LaunchScreen.storyboard */,
				24B2DBF129C99D2D007C0126 /* Main.storyboard */,
			);
			path = Storyboards;
			sourceTree = "<group>";
		};
		BE2C226822A8E93D003526A6 = {
			isa = PBXGroup;
			children = (
				BE2C22A422A8EE6C003526A6 /* Resources */,
				24B2DB2729C95325007C0126 /* Sources */,
				BE2C22C322A8EEC4003526A6 /* Config */,
				BE2C227222A8E93D003526A6 /* Products */,
				BE2C22EE22A903E6003526A6 /* Frameworks */,
				D8A8102325345D2F00C7D68D /* Recovered References */,
				D7C7DE150C8D1C51F6EEEA7F /* Pods */,
			);
			sourceTree = "<group>";
		};
		BE2C227222A8E93D003526A6 /* Products */ = {
			isa = PBXGroup;
			children = (
				BE2C227122A8E93D003526A6 /* AODApp.app */,
			);
			name = Products;
			sourceTree = "<group>";
		};
		BE2C22A422A8EE6C003526A6 /* Resources */ = {
			isa = PBXGroup;
			children = (
				2434BD5829C8B4B300904079 /* Launch Screen.storyboard */,
				24F2D97E29C19CD200943A87 /* GoogleService-Info.plist */,
				24ECFB8A290294DA008F7DA5 /* R.generated.swift */,
				5A3F6EB928DF66BB0066A8A5 /* AODApp.entitlements */,
				D88E8CB725812207009864A9 /* Plist */,
				D87C09242536119800F8A92D /* Fonts */,
				BE2C22B222A8EE6C003526A6 /* Assets.xcassets */,
				D8158CFB2610CA60005CD0EB /* Configuration.storekit */,
			);
			path = Resources;
			sourceTree = "<group>";
		};
		BE2C22C322A8EEC4003526A6 /* Config */ = {
			isa = PBXGroup;
			children = (
				BE2C22C822A8EEC4003526A6 /* Debug */,
				BE2C22C422A8EEC4003526A6 /* Release */,
			);
			path = Config;
			sourceTree = "<group>";
		};
		BE2C22C422A8EEC4003526A6 /* Release */ = {
			isa = PBXGroup;
			children = (
				BE2C22C522A8EEC4003526A6 /* project-release.xcconfig */,
				BE2C22C722A8EEC4003526A6 /* app-iOS-release.xcconfig */,
				BE2C22C622A8EEC4003526A6 /* test-iOS-release.xcconfig */,
			);
			path = Release;
			sourceTree = "<group>";
		};
		BE2C22C822A8EEC4003526A6 /* Debug */ = {
			isa = PBXGroup;
			children = (
				BE2C22CA22A8EEC4003526A6 /* project-debug.xcconfig */,
				BE2C22CB22A8EEC4003526A6 /* app-iOS-debug.xcconfig */,
				BE2C22C922A8EEC4003526A6 /* test-iOS-debug.xcconfig */,
			);
			path = Debug;
			sourceTree = "<group>";
		};
		BE2C22EE22A903E6003526A6 /* Frameworks */ = {
			isa = PBXGroup;
			children = (
				24455A6029C169B100836890 /* StoreKit.framework */,
				24455A5C29C168FC00836890 /* Qonversion.framework */,
				249C2A2C29B889DC00E2E8DC /* Qonversion.framework */,
				7FCAF06C26C2814000940D98 /* StoreKit.framework */,
				D8158C5126106F17005CD0EB /* RxCocoa.framework */,
				D8158C5226106F17005CD0EB /* RxRelay.framework */,
				D8158C5326106F17005CD0EB /* RxSwift.framework */,
				D8158C5426106F17005CD0EB /* SwiftDate.framework */,
				D8A8100E25345CD700C7D68D /* SwiftDate.framework */,
				D89C504B249E6077001552F5 /* SpriteKit.framework */,
				D81E7E8A23A0E25300DC31A6 /* MobileVLCKit.framework */,
				D8B523C62369461F003521A6 /* iAd.framework */,
				D8B523C4236945E1003521A6 /* AdSupport.framework */,
				D86D7497253377B800C53DF8 /* WidgetKit.framework */,
				D86D7499253377B800C53DF8 /* SwiftUI.framework */,
				2C81CDB2F24C3513B3FF3B3A /* Pods_AquariumWidgetExtension.framework */,
				4A1306A617688E8B030DBA6C /* Pods_AODApp.framework */,
			);
			name = Frameworks;
			sourceTree = "<group>";
		};
		D7C7DE150C8D1C51F6EEEA7F /* Pods */ = {
			isa = PBXGroup;
			children = (
				00B25AB9F5A97C43ED7027D9 /* Pods-AnimeApp.debug.xcconfig */,
				A4162F10CC95063261CCB3B0 /* Pods-AnimeApp.release.xcconfig */,
				918E1737999526BB79249ED1 /* Pods-AnimeDiffusionApp.debug.xcconfig */,
				9C4DDFD18FF485DF1C4EBB42 /* Pods-AnimeDiffusionApp.release.xcconfig */,
				499CF56D48ADC37EE9D12B73 /* Pods-TimelessTalkApp.debug.xcconfig */,
				11B38547FAA7FE2D609FD1A3 /* Pods-TimelessTalkApp.release.xcconfig */,
				777BB157E9CFBB65B441D6AE /* Pods-AODApp.debug.xcconfig */,
				034E462D3067A61F8B64FB84 /* Pods-AODApp.release.xcconfig */,
			);
			path = Pods;
			sourceTree = "<group>";
		};
		D87C09242536119800F8A92D /* Fonts */ = {
			isa = PBXGroup;
			children = (
				24769467293708200008BDAD /* Roboto-Bold.ttf */,
				24769465293708200008BDAD /* Roboto-Light.ttf */,
				24769464293708200008BDAD /* Roboto-Medium.ttf */,
				24769466293708200008BDAD /* Roboto-Regular.ttf */,
			);
			path = Fonts;
			sourceTree = "<group>";
		};
		D8A8102325345D2F00C7D68D /* Recovered References */ = {
			isa = PBXGroup;
			children = (
			);
			name = "Recovered References";
			sourceTree = "<group>";
		};
/* End PBXGroup section */

/* Begin PBXNativeTarget section */
		BE2C227022A8E93D003526A6 /* AODApp */ = {
			isa = PBXNativeTarget;
			buildConfigurationList = BE2C229922A8E93F003526A6 /* Build configuration list for PBXNativeTarget "AODApp" */;
			buildPhases = (
				C4C6ECFB32B8BF4F569BA60C /* [CP] Check Pods Manifest.lock */,
				24ECFB892902948E008F7DA5 /* ShellScript */,
				BE2C226D22A8E93D003526A6 /* Sources */,
				BE2C226E22A8E93D003526A6 /* Frameworks */,
				BE2C226F22A8E93D003526A6 /* Resources */,
				D86D74A7253377BA00C53DF8 /* Embed App Extensions */,
				8AA49401E8E50482DB83D269 /* [CP] Embed Pods Frameworks */,
				D8158CE32610C241005CD0EB /* Run Script */,
			);
			buildRules = (
			);
			dependencies = (
			);
			name = AODApp;
			productName = tvcast;
			productReference = BE2C227122A8E93D003526A6 /* AODApp.app */;
			productType = "com.apple.product-type.application";
		};
/* End PBXNativeTarget section */

/* Begin PBXProject section */
		BE2C226922A8E93D003526A6 /* Project object */ = {
			isa = PBXProject;
			attributes = {
				LastSwiftUpdateCheck = 1300;
				LastUpgradeCheck = 1200;
				ORGANIZATIONNAME = "";
				TargetAttributes = {
					BE2C227022A8E93D003526A6 = {
						CreatedOnToolsVersion = 10.2;
						LastSwiftMigration = 1020;
						SystemCapabilities = {
							com.apple.BackgroundModes = {
								enabled = 1;
							};
							com.apple.DataProtection = {
								enabled = 1;
							};
							com.apple.InAppPurchase = {
								enabled = 1;
							};
						};
					};
				};
			};
			buildConfigurationList = BE2C226C22A8E93D003526A6 /* Build configuration list for PBXProject "AODApp" */;
			compatibilityVersion = "Xcode 9.3";
			developmentRegion = en;
			hasScannedForEncodings = 0;
			knownRegions = (
				en,
				Base,
			);
			mainGroup = BE2C226822A8E93D003526A6;
			productRefGroup = BE2C227222A8E93D003526A6 /* Products */;
			projectDirPath = "";
			projectRoot = "";
			targets = (
				BE2C227022A8E93D003526A6 /* AODApp */,
			);
		};
/* End PBXProject section */

/* Begin PBXResourcesBuildPhase section */
		BE2C226F22A8E93D003526A6 /* Resources */ = {
			isa = PBXResourcesBuildPhase;
			buildActionMask = 2147483647;
			files = (
				24B2DBF229C99D2D007C0126 /* LaunchScreen.storyboard in Resources */,
				24B2DBF329C99D2D007C0126 /* Main.storyboard in Resources */,
				D88E8CB825812207009864A9 /* Plist in Resources */,
				2476946B293708200008BDAD /* Roboto-Bold.ttf in Resources */,
				2434BD5929C8B4B300904079 /* Launch Screen.storyboard in Resources */,
				D8729C8F2431A2250045F4FF /* Assets.xcassets in Resources */,
				24769468293708200008BDAD /* Roboto-Medium.ttf in Resources */,
				2476946A293708200008BDAD /* Roboto-Regular.ttf in Resources */,
				24F2D97F29C19CD200943A87 /* GoogleService-Info.plist in Resources */,
				24769469293708200008BDAD /* Roboto-Light.ttf in Resources */,
			);
			runOnlyForDeploymentPostprocessing = 0;
		};
/* End PBXResourcesBuildPhase section */

/* Begin PBXShellScriptBuildPhase section */
		24ECFB892902948E008F7DA5 /* ShellScript */ = {
			isa = PBXShellScriptBuildPhase;
			buildActionMask = 2147483647;
			files = (
			);
			inputFileListPaths = (
			);
			inputPaths = (
			);
			outputFileListPaths = (
			);
			outputPaths = (
				$SRCROOT/R.generated.swift,
			);
			runOnlyForDeploymentPostprocessing = 0;
			shellPath = /bin/sh;
			shellScript = "\"$PODS_ROOT/R.swift/rswift\" generate \"$SRCROOT/R.generated.swift\"\n";
		};
		8AA49401E8E50482DB83D269 /* [CP] Embed Pods Frameworks */ = {
			isa = PBXShellScriptBuildPhase;
			buildActionMask = 12;
			files = (
			);
			inputFileListPaths = (
				"${PODS_ROOT}/Target Support Files/Pods-AODApp/Pods-AODApp-frameworks-${CONFIGURATION}-input-files.xcfilelist",
			);
			name = "[CP] Embed Pods Frameworks";
			outputFileListPaths = (
				"${PODS_ROOT}/Target Support Files/Pods-AODApp/Pods-AODApp-frameworks-${CONFIGURATION}-output-files.xcfilelist",
			);
			runOnlyForDeploymentPostprocessing = 0;
			shellPath = /bin/sh;
			shellScript = "\"${PODS_ROOT}/Target Support Files/Pods-AODApp/Pods-AODApp-frameworks.sh\"\n";
			showEnvVarsInLog = 0;
		};
		C4C6ECFB32B8BF4F569BA60C /* [CP] Check Pods Manifest.lock */ = {
			isa = PBXShellScriptBuildPhase;
			buildActionMask = 2147483647;
			files = (
			);
			inputFileListPaths = (
			);
			inputPaths = (
				"${PODS_PODFILE_DIR_PATH}/Podfile.lock",
				"${PODS_ROOT}/Manifest.lock",
			);
			name = "[CP] Check Pods Manifest.lock";
			outputFileListPaths = (
			);
			outputPaths = (
				"$(DERIVED_FILE_DIR)/Pods-AODApp-checkManifestLockResult.txt",
			);
			runOnlyForDeploymentPostprocessing = 0;
			shellPath = /bin/sh;
			shellScript = "diff \"${PODS_PODFILE_DIR_PATH}/Podfile.lock\" \"${PODS_ROOT}/Manifest.lock\" > /dev/null\nif [ $? != 0 ] ; then\n    # print error to STDERR\n    echo \"error: The sandbox is not in sync with the Podfile.lock. Run 'pod install' or update your CocoaPods installation.\" >&2\n    exit 1\nfi\n# This output is used by Xcode 'outputs' to avoid re-running this script phase.\necho \"SUCCESS\" > \"${SCRIPT_OUTPUT_FILE_0}\"\n";
			showEnvVarsInLog = 0;
		};
		D8158CE32610C241005CD0EB /* Run Script */ = {
			isa = PBXShellScriptBuildPhase;
			buildActionMask = 2147483647;
			files = (
			);
			inputFileListPaths = (
			);
			inputPaths = (
				"${DWARF_DSYM_FOLDER_PATH}/${DWARF_DSYM_FILE_NAME}/Contents/Resources/DWARF/${TARGET_NAME}",
				"$(SRCROOT)/$(BUILT_PRODUCTS_DIR)/$(INFOPLIST_PATH)",
			);
			name = "Run Script";
			outputFileListPaths = (
			);
			outputPaths = (
			);
			runOnlyForDeploymentPostprocessing = 0;
			shellPath = /bin/sh;
			shellScript = "# Type a script or drag a script file from your workspace to insert its path.\n\"${PODS_ROOT}/FirebaseCrashlytics/run\"\n";
		};
/* End PBXShellScriptBuildPhase section */

/* Begin PBXSourcesBuildPhase section */
		BE2C226D22A8E93D003526A6 /* Sources */ = {
			isa = PBXSourcesBuildPhase;
			buildActionMask = 2147483647;
			files = (
				24B2DBB829C95325007C0126 /* TabBarViewController.swift in Sources */,
				24B2DBC029C95325007C0126 /* AskingViewModel.swift in Sources */,
				24B2DBDC29C95325007C0126 /* UIFontExtension.swift in Sources */,
				240D418A29D1539300AB3B75 /* HistoryChatModel.swift in Sources */,
				24B2DBD729C95325007C0126 /* StringExtensions.swift in Sources */,
				24B2DBE229C95325007C0126 /* FilesManager.swift in Sources */,
				24B2DBBF29C95325007C0126 /* AskingViewController.swift in Sources */,
				24B2DBB729C95325007C0126 /* CardTabBarView.swift in Sources */,
				24B2DBD629C95325007C0126 /* IntExtension.swift in Sources */,
				24B2DBC329C95325007C0126 /* SettingViewController.swift in Sources */,
				24B2DBB029C95325007C0126 /* AppDelegate.swift in Sources */,
				24B2DBD429C95325007C0126 /* UIStackView.swift in Sources */,
				24B2DBA429C95325007C0126 /* IAPManager.swift in Sources */,
				24B2DBAD29C95325007C0126 /* CommonConfigs.swift in Sources */,
				24B2DBB129C95325007C0126 /* HomeViewModel.swift in Sources */,
				24B2DBB629C95325007C0126 /* CardTabBarController.swift in Sources */,
				24B2DB9E29C95325007C0126 /* ServerConfigModel.swift in Sources */,
				24162E1929D5E39200DBCCD8 /* Test.swift in Sources */,
				24B2DB9F29C95325007C0126 /* ResponseMessageModel.swift in Sources */,
				24B2DBA929C95325007C0126 /* RxObject.swift in Sources */,
				24B2DBA829C95325007C0126 /* BaseTableViewCell.swift in Sources */,
				24B2DBDF29C95325007C0126 /* UserDefaultService.swift in Sources */,
				24B2DBA529C95325007C0126 /* PurchaseModel.swift in Sources */,
				24B2DBE329C95325007C0126 /* Schedulers.swift in Sources */,
				24B2DBDA29C95325007C0126 /* UICollectionViewExtension.swift in Sources */,
				242F5F7129DE7F3400409E9C /* RequestGenImageModel.swift in Sources */,
				24B2DBAE29C95325007C0126 /* AppColor.swift in Sources */,
				24B2DBA629C95325007C0126 /* PurchaseManager.swift in Sources */,
				240D418829D138A900AB3B75 /* SettingFirstCell.swift in Sources */,
				242F5F6F29DE7F1B00409E9C /* ResponseGenImageModel.swift in Sources */,
				24C3469D29CD90F2008E35A1 /* IAPModel.swift in Sources */,
				24B2DBDE29C95325007C0126 /* UIColorExtensions.swift in Sources */,
				24B2DBB429C95325007C0126 /* OptionStyleCell.swift in Sources */,
				24B2DBA729C95325007C0126 /* BaseViewController.swift in Sources */,
				24B2DBB329C95325007C0126 /* HomeViewController.swift in Sources */,
				24B2DBB529C95325007C0126 /* BarItemView.swift in Sources */,
				24B2DBD529C95325007C0126 /* UILabelExtension.swift in Sources */,
				24B2DBD129C95325007C0126 /* CGFloatExtensions.swift in Sources */,
				24B2DBDD29C95325007C0126 /* DateExtension.swift in Sources */,
				24B2DBD929C95325007C0126 /* UIViewExtension.swift in Sources */,
				24B2DBA029C95325007C0126 /* APIClient.swift in Sources */,
				24B2DBDB29C95325007C0126 /* BundleExtensions.swift in Sources */,
				24B2DBC429C95325007C0126 /* SettingCell.swift in Sources */,
				24B2DBC829C95325007C0126 /* OnboardingMainCell.swift in Sources */,
				24B2DBC529C95325007C0126 /* LoadingIndicator.swift in Sources */,
				2444BB9E29D327D4004BF84D /* TokenConfig.swift in Sources */,
				24B2DBAF29C95325007C0126 /* Configs.swift in Sources */,
				24B2DBE529C95DBC007C0126 /* CharacterFirstCell.swift in Sources */,
				24B2DBB929C95325007C0126 /* NavigationController.swift in Sources */,
				24B2DB9B29C95325007C0126 /* OnboardingModel.swift in Sources */,
				24B2DBA229C95325007C0126 /* ModelManager.swift in Sources */,
				24B2DBD829C95325007C0126 /* CellExtension.swift in Sources */,
				24B2DB9A29C95325007C0126 /* CharacterModel.swift in Sources */,
				24B2DBAC29C95325007C0126 /* Constants.swift in Sources */,
				24B2DBB229C95325007C0126 /* MainStyleCell.swift in Sources */,
				24B2DBD229C95325007C0126 /* UIImageViewExtension.swift in Sources */,
				24B2DBA129C95325007C0126 /* RequestMessageModel.swift in Sources */,
				24B2DBC629C95325007C0126 /* BaseViewModel.swift in Sources */,
				24B2DBC929C95325007C0126 /* OnboardingViewController.swift in Sources */,
				24ECFB8B290294DA008F7DA5 /* R.generated.swift in Sources */,
				24B2DBD329C95325007C0126 /* UserDefaultExtension.swift in Sources */,
				24B2DBBE29C95325007C0126 /* CharacterMainCell.swift in Sources */,
				24B2DBE129C95325007C0126 /* AnalyticService.swift in Sources */,
				2444BB9C29D2C793004BF84D /* DataExtension.swift in Sources */,
				24B2DBBD29C95325007C0126 /* ChatViewController.swift in Sources */,
				24B2DB9D29C95325007C0126 /* QuoteModel.swift in Sources */,
				24B2DBC229C95325007C0126 /* DirecStoreViewModel.swift in Sources */,
				24B2DBE029C95325007C0126 /* RewardedAdService.swift in Sources */,
				24B2DBC129C95325007C0126 /* DirectStoreViewController.swift in Sources */,
			);
			runOnlyForDeploymentPostprocessing = 0;
		};
/* End PBXSourcesBuildPhase section */

/* Begin XCBuildConfiguration section */
		BE2C229722A8E93F003526A6 /* Debug */ = {
			isa = XCBuildConfiguration;
			baseConfigurationReference = BE2C22CA22A8EEC4003526A6 /* project-debug.xcconfig */;
			buildSettings = {
				CLANG_WARN_QUOTED_INCLUDE_IN_FRAMEWORK_HEADER = YES;
				ENABLE_BITCODE = NO;
				IPHONEOS_DEPLOYMENT_TARGET = 12.0;
				TVOS_DEPLOYMENT_TARGET = 12.0;
			};
			name = Debug;
		};
		BE2C229822A8E93F003526A6 /* Release */ = {
			isa = XCBuildConfiguration;
			baseConfigurationReference = BE2C22C522A8EEC4003526A6 /* project-release.xcconfig */;
			buildSettings = {
				CLANG_WARN_QUOTED_INCLUDE_IN_FRAMEWORK_HEADER = YES;
				ENABLE_BITCODE = NO;
				GCC_OPTIMIZATION_LEVEL = 0;
				IPHONEOS_DEPLOYMENT_TARGET = 12.0;
				TVOS_DEPLOYMENT_TARGET = 12.0;
			};
			name = Release;
		};
		BE2C229A22A8E93F003526A6 /* Debug */ = {
			isa = XCBuildConfiguration;
			baseConfigurationReference = BE2C22CB22A8EEC4003526A6 /* app-iOS-debug.xcconfig */;
			buildSettings = {
				ASSETCATALOG_COMPILER_APPICON_NAME = AppIcon;
				ASSETCATALOG_COMPILER_INCLUDE_ALL_APPICON_ASSETS = YES;
				CLANG_ENABLE_MODULES = YES;
				CODE_SIGN_ENTITLEMENTS = "$(PROJECT_DIR)/Resources/$(TARGET_NAME).entitlements";
				CODE_SIGN_IDENTITY = "Apple Development";
				CODE_SIGN_STYLE = Automatic;
				CURRENT_PROJECT_VERSION = 14;
				DEBUG_INFORMATION_FORMAT = "dwarf-with-dsym";
				DEVELOPMENT_ASSET_PATHS = "";
				DEVELOPMENT_TEAM = FF77TNZL94;
				ENABLE_BITCODE = NO;
				FRAMEWORK_SEARCH_PATHS = (
					"$(inherited)",
					"$(PROJECT_DIR)/Carthage/Build/iOS",
					"$(PROJECT_DIR)/Pods/MobileVLCKit",
				);
				GCC_C_LANGUAGE_STANDARD = gnu11;
				INFOPLIST_FILE = "$(PROJECT_DIR)/Resources/Plist/App_Info.plist";
				INFOPLIST_KEY_CFBundleDisplayName = AOD;
				INFOPLIST_KEY_LSApplicationCategoryType = "public.app-category.graphics-design";
				IPHONEOS_DEPLOYMENT_TARGET = 15.0;
				LD_RUNPATH_SEARCH_PATHS = (
					"$(inherited)",
					"@executable_path/Frameworks",
				);
				MARKETING_VERSION = 1.0.0;
				PRODUCT_BUNDLE_IDENTIFIER = tinyleo.com.timelesstalk;
				PRODUCT_MODULE_NAME = "$(TARGET_NAME)";
				PRODUCT_NAME = AODApp;
				PROVISIONING_PROFILE_SPECIFIER = "";
				SUPPORTED_PLATFORMS = "iphoneos iphonesimulator";
				SUPPORTS_MACCATALYST = NO;
				SUPPORTS_MAC_DESIGNED_FOR_IPHONE_IPAD = NO;
				SWIFT_OBJC_BRIDGING_HEADER = "";
				SWIFT_OPTIMIZATION_LEVEL = "-Onone";
				SWIFT_OPTIMIZE_OBJECT_LIFETIME = YES;
				SWIFT_VERSION = 5.0;
				TARGETED_DEVICE_FAMILY = 1;
				VALID_ARCHS = "$(ARCHS_STANDARD)";
				WATCHOS_DEPLOYMENT_TARGET = 6.0;
			};
			name = Debug;
		};
		BE2C229B22A8E93F003526A6 /* Release */ = {
			isa = XCBuildConfiguration;
			baseConfigurationReference = BE2C22C722A8EEC4003526A6 /* app-iOS-release.xcconfig */;
			buildSettings = {
				ASSETCATALOG_COMPILER_APPICON_NAME = AppIcon;
				ASSETCATALOG_COMPILER_INCLUDE_ALL_APPICON_ASSETS = YES;
				CLANG_ENABLE_MODULES = YES;
				CODE_SIGN_ENTITLEMENTS = "$(PROJECT_DIR)/Resources/$(TARGET_NAME).entitlements";
				CODE_SIGN_IDENTITY = "Apple Development";
				CODE_SIGN_STYLE = Automatic;
				CURRENT_PROJECT_VERSION = 14;
				DEVELOPMENT_ASSET_PATHS = "";
				DEVELOPMENT_TEAM = FF77TNZL94;
				ENABLE_BITCODE = NO;
				FRAMEWORK_SEARCH_PATHS = (
					"$(inherited)",
					"$(PROJECT_DIR)/Carthage/Build/iOS",
					"$(PROJECT_DIR)/Pods/MobileVLCKit",
				);
				GCC_C_LANGUAGE_STANDARD = gnu11;
				GCC_OPTIMIZATION_LEVEL = 0;
				INFOPLIST_FILE = "$(PROJECT_DIR)/Resources/Plist/App_Info.plist";
				INFOPLIST_KEY_CFBundleDisplayName = AOD;
				INFOPLIST_KEY_LSApplicationCategoryType = "public.app-category.graphics-design";
				IPHONEOS_DEPLOYMENT_TARGET = 15.0;
				LD_RUNPATH_SEARCH_PATHS = (
					"$(inherited)",
					"@executable_path/Frameworks",
				);
				MARKETING_VERSION = 1.0.0;
				ONLY_ACTIVE_ARCH = YES;
				PRODUCT_BUNDLE_IDENTIFIER = tinyleo.com.timelesstalk;
				PRODUCT_MODULE_NAME = "$(TARGET_NAME)";
				PRODUCT_NAME = AODApp;
				PROVISIONING_PROFILE_SPECIFIER = "";
				SUPPORTED_PLATFORMS = "iphoneos iphonesimulator";
				SUPPORTS_MACCATALYST = NO;
				SUPPORTS_MAC_DESIGNED_FOR_IPHONE_IPAD = NO;
				SWIFT_OBJC_BRIDGING_HEADER = "";
				SWIFT_OPTIMIZE_OBJECT_LIFETIME = YES;
				SWIFT_VERSION = 5.0;
				TARGETED_DEVICE_FAMILY = 1;
				VALID_ARCHS = "$(ARCHS_STANDARD)";
				WATCHOS_DEPLOYMENT_TARGET = 6.0;
			};
			name = Release;
		};
/* End XCBuildConfiguration section */

/* Begin XCConfigurationList section */
		BE2C226C22A8E93D003526A6 /* Build configuration list for PBXProject "AODApp" */ = {
			isa = XCConfigurationList;
			buildConfigurations = (
				BE2C229722A8E93F003526A6 /* Debug */,
				BE2C229822A8E93F003526A6 /* Release */,
			);
			defaultConfigurationIsVisible = 0;
			defaultConfigurationName = Release;
		};
		BE2C229922A8E93F003526A6 /* Build configuration list for PBXNativeTarget "AODApp" */ = {
			isa = XCConfigurationList;
			buildConfigurations = (
				BE2C229A22A8E93F003526A6 /* Debug */,
				BE2C229B22A8E93F003526A6 /* Release */,
			);
			defaultConfigurationIsVisible = 0;
			defaultConfigurationName = Release;
		};
/* End XCConfigurationList section */
	};
	rootObject = BE2C226922A8E93D003526A6 /* Project object */;
}
