PODS:
  - Alamofire (5.0.0.beta.1)
  - BlueCryptor (1.0.32)
  - BlueECC (1.2.5)
  - BlueRSA (1.0.200)
  - Firebase (10.3.0):
    - Firebase/Core (= 10.3.0)
  - Firebase/Analytics (10.3.0):
    - Firebase/Core
  - Firebase/Core (10.3.0):
    - Firebase/CoreOnly
    - FirebaseAnalytics (~> 10.3.0)
  - Firebase/CoreOnly (10.3.0):
    - FirebaseCore (= 10.3.0)
  - Firebase/Crashlytics (10.3.0):
    - Firebase/CoreOnly
    - FirebaseCrashlytics (~> 10.3.0)
  - Firebase/RemoteConfig (10.3.0):
    - Firebase/CoreOnly
    - FirebaseRemoteConfig (~> 10.3.0)
  - FirebaseABTesting (10.6.0):
    - FirebaseCore (~> 10.0)
  - FirebaseAnalytics (10.3.0):
    - FirebaseAnalytics/AdIdSupport (= 10.3.0)
    - FirebaseCore (~> 10.0)
    - FirebaseInstallations (~> 10.0)
    - GoogleUtilities/AppDelegateSwizzler (~> 7.8)
    - GoogleUtilities/MethodSwizzler (~> 7.8)
    - GoogleUtilities/Network (~> 7.8)
    - "GoogleUtilities/NSData+zlib (~> 7.8)"
    - nanopb (< 2.30910.0, >= 2.30908.0)
  - FirebaseAnalytics/AdIdSupport (10.3.0):
    - FirebaseCore (~> 10.0)
    - FirebaseInstallations (~> 10.0)
    - GoogleAppMeasurement (= 10.3.0)
    - GoogleUtilities/AppDelegateSwizzler (~> 7.8)
    - GoogleUtilities/MethodSwizzler (~> 7.8)
    - GoogleUtilities/Network (~> 7.8)
    - "GoogleUtilities/NSData+zlib (~> 7.8)"
    - nanopb (< 2.30910.0, >= 2.30908.0)
  - FirebaseCore (10.3.0):
    - FirebaseCoreInternal (~> 10.0)
    - GoogleUtilities/Environment (~> 7.8)
    - GoogleUtilities/Logger (~> 7.8)
  - FirebaseCoreInternal (10.3.0):
    - "GoogleUtilities/NSData+zlib (~> 7.8)"
  - FirebaseCrashlytics (10.3.0):
    - FirebaseCore (~> 10.0)
    - FirebaseInstallations (~> 10.0)
    - GoogleDataTransport (~> 9.2)
    - GoogleUtilities/Environment (~> 7.8)
    - nanopb (< 2.30910.0, >= 2.30908.0)
    - PromisesObjC (~> 2.1)
  - FirebaseInstallations (10.3.0):
    - FirebaseCore (~> 10.0)
    - GoogleUtilities/Environment (~> 7.8)
    - GoogleUtilities/UserDefaults (~> 7.8)
    - PromisesObjC (~> 2.1)
  - FirebaseRemoteConfig (10.3.0):
    - FirebaseABTesting (~> 10.0)
    - FirebaseCore (~> 10.0)
    - FirebaseInstallations (~> 10.0)
    - GoogleUtilities/Environment (~> 7.8)
    - "GoogleUtilities/NSData+zlib (~> 7.8)"
  - Google-Mobile-Ads-SDK (9.14.0):
    - GoogleAppMeasurement (< 11.0, >= 7.0)
    - GoogleUserMessagingPlatform (>= 1.1)
  - GoogleAppMeasurement (10.3.0):
    - GoogleAppMeasurement/AdIdSupport (= 10.3.0)
    - GoogleUtilities/AppDelegateSwizzler (~> 7.8)
    - GoogleUtilities/MethodSwizzler (~> 7.8)
    - GoogleUtilities/Network (~> 7.8)
    - "GoogleUtilities/NSData+zlib (~> 7.8)"
    - nanopb (< 2.30910.0, >= 2.30908.0)
  - GoogleAppMeasurement/AdIdSupport (10.3.0):
    - GoogleAppMeasurement/WithoutAdIdSupport (= 10.3.0)
    - GoogleUtilities/AppDelegateSwizzler (~> 7.8)
    - GoogleUtilities/MethodSwizzler (~> 7.8)
    - GoogleUtilities/Network (~> 7.8)
    - "GoogleUtilities/NSData+zlib (~> 7.8)"
    - nanopb (< 2.30910.0, >= 2.30908.0)
  - GoogleAppMeasurement/WithoutAdIdSupport (10.3.0):
    - GoogleUtilities/AppDelegateSwizzler (~> 7.8)
    - GoogleUtilities/MethodSwizzler (~> 7.8)
    - GoogleUtilities/Network (~> 7.8)
    - "GoogleUtilities/NSData+zlib (~> 7.8)"
    - nanopb (< 2.30910.0, >= 2.30908.0)
  - GoogleDataTransport (9.2.0):
    - GoogleUtilities/Environment (~> 7.7)
    - nanopb (< 2.30910.0, >= 2.30908.0)
    - PromisesObjC (< 3.0, >= 1.2)
  - GoogleUserMessagingPlatform (2.0.1)
  - GoogleUtilities/AppDelegateSwizzler (7.10.0):
    - GoogleUtilities/Environment
    - GoogleUtilities/Logger
    - GoogleUtilities/Network
  - GoogleUtilities/Environment (7.10.0):
    - PromisesObjC (< 3.0, >= 1.2)
  - GoogleUtilities/Logger (7.10.0):
    - GoogleUtilities/Environment
  - GoogleUtilities/MethodSwizzler (7.10.0):
    - GoogleUtilities/Logger
  - GoogleUtilities/Network (7.10.0):
    - GoogleUtilities/Logger
    - "GoogleUtilities/NSData+zlib"
    - GoogleUtilities/Reachability
  - "GoogleUtilities/NSData+zlib (7.10.0)"
  - GoogleUtilities/Reachability (7.10.0):
    - GoogleUtilities/Logger
  - GoogleUtilities/UserDefaults (7.10.0):
    - GoogleUtilities/Logger
  - GrowingTextView (0.7.2)
  - Hero (1.6.2)
  - IQKeyboardManagerSwift (6.3.0)
  - Kingfisher (7.5.0)
  - KituraContracts (1.2.1):
    - LoggerAPI (~> 1.7)
  - LoggerAPI (1.9.200):
    - Logging (~> 1.1)
  - Logging (1.4.0)
  - MailController (1.0.1)
  - nanopb (2.30909.0):
    - nanopb/decode (= 2.30909.0)
    - nanopb/encode (= 2.30909.0)
  - nanopb/decode (2.30909.0)
  - nanopb/encode (2.30909.0)
  - NVActivityIndicatorView (5.1.1):
    - NVActivityIndicatorView/Base (= 5.1.1)
  - NVActivityIndicatorView/Base (5.1.1)
  - ProgressHUD (13.6)
  - PromisesObjC (2.1.1)
  - Purchases (3.14.3):
    - PurchasesCoreSwift (= 3.14.3)
  - PurchasesCoreSwift (3.14.3)
  - Qonversion (2.21.1):
    - Qonversion/Main (= 2.21.1)
  - Qonversion/Main (2.21.1)
  - R.swift (7.2.4)
  - RxCocoa (6.1.0):
    - RxRelay (= 6.1.0)
    - RxSwift (= 6.1.0)
  - RxRelay (6.1.0):
    - RxSwift (= 6.1.0)
  - RxSwift (6.1.0)
  - SlidableImage (2.0.0)
  - SnapKit (5.6.0)
  - SwiftJWT (3.6.200):
    - BlueCryptor (~> 1.0)
    - BlueECC (~> 1.1)
    - BlueRSA (~> 1.0)
    - KituraContracts (~> 1.2)
    - LoggerAPI (~> 1.7)

DEPENDENCIES:
  - Alamofire (from `https://github.com/Alamofire/Alamofire.git`, branch `alamofire5`)
  - Firebase
  - Firebase/Analytics
  - Firebase/Crashlytics
  - Firebase/RemoteConfig
  - Google-Mobile-Ads-SDK
  - GrowingTextView (= 0.7.2)
  - Hero
  - IQKeyboardManagerSwift (= 6.3.0)
  - Kingfisher (~> 7.0)
  - MailController (~> 1.0)
  - NVActivityIndicatorView
  - ProgressHUD
  - Purchases
  - Qonversion (= 2.21.1)
  - R.swift
  - RxCocoa (= 6.1.0)
  - RxSwift (= 6.1.0)
  - SlidableImage (~> 2.0)
  - SnapKit
  - SwiftJWT

SPEC REPOS:
  trunk:
    - BlueCryptor
    - BlueECC
    - BlueRSA
    - Firebase
    - FirebaseABTesting
    - FirebaseAnalytics
    - FirebaseCore
    - FirebaseCoreInternal
    - FirebaseCrashlytics
    - FirebaseInstallations
    - FirebaseRemoteConfig
    - Google-Mobile-Ads-SDK
    - GoogleAppMeasurement
    - GoogleDataTransport
    - GoogleUserMessagingPlatform
    - GoogleUtilities
    - GrowingTextView
    - Hero
    - IQKeyboardManagerSwift
    - Kingfisher
    - KituraContracts
    - LoggerAPI
    - Logging
    - MailController
    - nanopb
    - NVActivityIndicatorView
    - ProgressHUD
    - PromisesObjC
    - Purchases
    - PurchasesCoreSwift
    - Qonversion
    - R.swift
    - RxCocoa
    - RxRelay
    - RxSwift
    - SlidableImage
    - SnapKit
    - SwiftJWT

EXTERNAL SOURCES:
  Alamofire:
    :branch: alamofire5
    :git: https://github.com/Alamofire/Alamofire.git

CHECKOUT OPTIONS:
  Alamofire:
    :commit: 2c99a6691dac40f03ef9f9e89aaf2eb751843393
    :git: https://github.com/Alamofire/Alamofire.git

SPEC CHECKSUMS:
  Alamofire: 2ef6d6c984c5d21c366e9b41a9ae7dfee2b67a44
  BlueCryptor: b0aee3d9b8f367b49b30de11cda90e1735571c24
  BlueECC: 0d18e93347d3ec6d41416de21c1ffa4d4cd3c2cc
  BlueRSA: dfeef51db96bcc4edec654956c1581adbda4e6a3
  Firebase: f92fc551ead69c94168d36c2b26188263860acd9
  FirebaseABTesting: cec558d2e670053b1e862c98cfecae64aecfd629
  FirebaseAnalytics: 036232b6a1e2918e5f67572417be1173576245f3
  FirebaseCore: 988754646ab3bd4bdcb740f1bfe26b9f6c0d5f2a
  FirebaseCoreInternal: 29b76f784d607df8b2a1259d73c3f04f1210137b
  FirebaseCrashlytics: f20d956f8229010b645e534693c39e0b7843c268
  FirebaseInstallations: e2f26126089dcf41e215f7b8925af8d953c7d602
  FirebaseRemoteConfig: c24f767c17b0440ee63c7e93380d599173556113
  Google-Mobile-Ads-SDK: 4fe6304b771f8467d29978cb790ec1e56e646946
  GoogleAppMeasurement: c7d6fff39bf2d829587d74088d582e32d75133c3
  GoogleDataTransport: 1c8145da7117bd68bbbed00cf304edb6a24de00f
  GoogleUserMessagingPlatform: 5f8b30daf181805317b6b985bb51c1ff3beca054
  GoogleUtilities: bad72cb363809015b1f7f19beb1f1cd23c589f95
  GrowingTextView: 876bf42005b5e4a4fd740597db12caaf41f0fe6c
  Hero: c69009dbc9e2f0472e081adc644dba05fcedae72
  IQKeyboardManagerSwift: a8228c257614af98743b4cd8584637025f36358f
  Kingfisher: b9c2a4a4af2990a768445c277359b27bde287d71
  KituraContracts: e845e60dc8627ad0a76fa55ef20a45451d8f830b
  LoggerAPI: ad9c4a6f1e32f518fdb43a1347ac14d765ab5e3d
  Logging: beeb016c9c80cf77042d62e83495816847ef108b
  MailController: ccdff683dea19b37897f5f59e484ffc5cf1cafc8
  nanopb: b552cce312b6c8484180ef47159bc0f65a1f0431
  NVActivityIndicatorView: 1f6c5687f1171810aa27a3296814dc2d7dec3667
  ProgressHUD: 4bdaa0d2ddf676b23324b199f9facffb5c3a1620
  PromisesObjC: ab77feca74fa2823e7af4249b8326368e61014cb
  Purchases: ba5a570357564da5d5447281190b5ac5ab9b8f3e
  PurchasesCoreSwift: 78a2001158d7fed44f9796ea50b89152ba727520
  Qonversion: 0d1a640ae953a09373deac80b68995c5e94020ba
  R.swift: 681bb9135f482e7a81d9d27445b837fef5467e11
  RxCocoa: 5c51f02d562cbd94629f6c26cf0c80fe4ab8d343
  RxRelay: 483e1a19fad961b41f0b0c0bee506f46c1ae14fe
  RxSwift: a834e5c538e89eca0cae86f403f4fbf0336786ce
  SlidableImage: 0e15b23ebcdc066fbb62609063812eb1bad8d042
  SnapKit: e01d52ebb8ddbc333eefe2132acf85c8227d9c25
  SwiftJWT: 88c412708f58c169d431d344c87bc79a87c830ae

PODFILE CHECKSUM: e340c039582ae5406414f337c9255bc623d683f3

COCOAPODS: 1.11.3
