// !$*UTF8*$!
{
	archiveVersion = 1;
	classes = {
	};
	objectVersion = 54;
	objects = {

/* Begin PBXBuildFile section */
		0E4C3ABD2DB396A5A55E7255 /* Pods_BaseProjectApp.framework in Frameworks */ = {isa = PBXBuildFile; fileRef = 69213C3A46FB18861EDDD2E9 /* Pods_BaseProjectApp.framework */; };
		24031DE82B04718200E2FE53 /* SF-Pro-Text-Heavy.ttf in Resources */ = {isa = PBXBuildFile; fileRef = 24031DE72B04718200E2FE53 /* SF-Pro-Text-Heavy.ttf */; };
		2439149B296405A00038474C /* Launch Screen.storyboard in Resources */ = {isa = PBXBuildFile; fileRef = 2439149D296405A00038474C /* Launch Screen.storyboard */; };
		24455A6129C169B100836890 /* StoreKit.framework in Frameworks */ = {isa = PBXBuildFile; fileRef = 24455A6029C169B100836890 /* StoreKit.framework */; };
		247DA2342B348C2800487563 /* MainViewController.swift in Sources */ = {isa = PBXBuildFile; fileRef = 247DA2332B348C2800487563 /* MainViewController.swift */; };
		249DF8BE2AFB8E39008E6F48 /* GoogleService-Info.plist in Resources */ = {isa = PBXBuildFile; fileRef = 249DF8BD2AFB8E39008E6F48 /* GoogleService-Info.plist */; };
		249DF8C32AFB8E45008E6F48 /* SF-Pro-Text-Medium.ttf in Resources */ = {isa = PBXBuildFile; fileRef = 249DF8BF2AFB8E44008E6F48 /* SF-Pro-Text-Medium.ttf */; };
		249DF8C42AFB8E45008E6F48 /* SF-Pro-Text-Regular.ttf in Resources */ = {isa = PBXBuildFile; fileRef = 249DF8C02AFB8E44008E6F48 /* SF-Pro-Text-Regular.ttf */; };
		249DF8C52AFB8E45008E6F48 /* SF-Pro-Text-Semibold.ttf in Resources */ = {isa = PBXBuildFile; fileRef = 249DF8C12AFB8E44008E6F48 /* SF-Pro-Text-Semibold.ttf */; };
		249DF8C62AFB8E45008E6F48 /* SF-Pro-Text-Bold.ttf in Resources */ = {isa = PBXBuildFile; fileRef = 249DF8C22AFB8E45008E6F48 /* SF-Pro-Text-Bold.ttf */; };
		24BA309E2ADFE09100C778D7 /* AdSupport.framework in Frameworks */ = {isa = PBXBuildFile; fileRef = 24BA309D2ADFE09100C778D7 /* AdSupport.framework */; };
		24ECFB8B290294DA008F7DA5 /* R.generated.swift in Sources */ = {isa = PBXBuildFile; fileRef = 24ECFB8A290294DA008F7DA5 /* R.generated.swift */; };
		BE2C22E222A8F134003526A6 /* AppDelegate.swift in Sources */ = {isa = PBXBuildFile; fileRef = BE2C22DF22A8F134003526A6 /* AppDelegate.swift */; };
		C33067FD2B355B340005F6FD /* WeatherDataTableViewCell.swift in Sources */ = {isa = PBXBuildFile; fileRef = C33067FC2B355B340005F6FD /* WeatherDataTableViewCell.swift */; };
		C33067FF2B358B6E0005F6FD /* cloudy.png in Resources */ = {isa = PBXBuildFile; fileRef = C33067FE2B358B6E0005F6FD /* cloudy.png */; };
		C33068012B35938A0005F6FD /* WeatherViewCell.swift in Sources */ = {isa = PBXBuildFile; fileRef = C33068002B35938A0005F6FD /* WeatherViewCell.swift */; };
		C33917462B3C06E8002A32D1 /* CountryTableViewCell.swift in Sources */ = {isa = PBXBuildFile; fileRef = C33917452B3C06E8002A32D1 /* CountryTableViewCell.swift */; };
		C39207722B43D7A6009F7AD6 /* CountryLikeTableViewCell.swift in Sources */ = {isa = PBXBuildFile; fileRef = C39207712B43D7A6009F7AD6 /* CountryLikeTableViewCell.swift */; };
		C3B6324E2B39402100095CE2 /* CountriesViewController.swift in Sources */ = {isa = PBXBuildFile; fileRef = C3B6324D2B39402100095CE2 /* CountriesViewController.swift */; };
		C3B632522B395C6400095CE2 /* icon-refresh.png in Resources */ = {isa = PBXBuildFile; fileRef = C3B632512B395C6400095CE2 /* icon-refresh.png */; };
		C3B632542B39637500095CE2 /* CountriesLikeViewController.swift in Sources */ = {isa = PBXBuildFile; fileRef = C3B632532B39637500095CE2 /* CountriesLikeViewController.swift */; };
		C3B6325D2B3A868B00095CE2 /* NetworkConstants.swift in Sources */ = {isa = PBXBuildFile; fileRef = C3B6325C2B3A868B00095CE2 /* NetworkConstants.swift */; };
		C3B632612B3A880600095CE2 /* BaseRequestService.swift in Sources */ = {isa = PBXBuildFile; fileRef = C3B632602B3A880600095CE2 /* BaseRequestService.swift */; };
		C3B632672B3AC41300095CE2 /* DemoJsonDummy.swift in Sources */ = {isa = PBXBuildFile; fileRef = C3B632662B3AC41300095CE2 /* DemoJsonDummy.swift */; };
		C3B632692B3AD64300095CE2 /* CountryWeather.swift in Sources */ = {isa = PBXBuildFile; fileRef = C3B632682B3AD64300095CE2 /* CountryWeather.swift */; };
		C3B6326B2B3AF9CD00095CE2 /* DayWeather.swift in Sources */ = {isa = PBXBuildFile; fileRef = C3B6326A2B3AF9CD00095CE2 /* DayWeather.swift */; };
		C3B6326E2B3BF88400095CE2 /* ConvertUilt.swift in Sources */ = {isa = PBXBuildFile; fileRef = C3B6326D2B3BF88400095CE2 /* ConvertUilt.swift */; };
		C3B632702B3C003600095CE2 /* Country.swift in Sources */ = {isa = PBXBuildFile; fileRef = C3B6326F2B3C003600095CE2 /* Country.swift */; };
		C3B7C65B2B3D16DD008B90CF /* WeatherViewModel.swift in Sources */ = {isa = PBXBuildFile; fileRef = C3B7C65A2B3D16DD008B90CF /* WeatherViewModel.swift */; };
		C3B7C65D2B3EA8D2008B90CF /* DelegateCountry.swift in Sources */ = {isa = PBXBuildFile; fileRef = C3B7C65C2B3EA8D2008B90CF /* DelegateCountry.swift */; };
		C3FDAF922B44F8EF00A95FA6 /* Configs.swift in Sources */ = {isa = PBXBuildFile; fileRef = C3FDAF912B44F8EF00A95FA6 /* Configs.swift */; };
		C3FDAF982B455D4500A95FA6 /* CountriesViewModel.swift in Sources */ = {isa = PBXBuildFile; fileRef = C3FDAF972B455D4500A95FA6 /* CountriesViewModel.swift */; };
		D85B2D6E2451CA6C00300F57 /* LaunchScreen.storyboard in Resources */ = {isa = PBXBuildFile; fileRef = D85B2D6C2451CA6C00300F57 /* LaunchScreen.storyboard */; };
		D8729C8F2431A2250045F4FF /* Assets.xcassets in Resources */ = {isa = PBXBuildFile; fileRef = BE2C22B222A8EE6C003526A6 /* Assets.xcassets */; };
		D88E8CB825812207009864A9 /* Plist in Resources */ = {isa = PBXBuildFile; fileRef = D88E8CB725812207009864A9 /* Plist */; };
		D8A3B18B2622C39400BAAC41 /* Main.storyboard in Resources */ = {isa = PBXBuildFile; fileRef = D8A3B18A2622C39400BAAC41 /* Main.storyboard */; };
/* End PBXBuildFile section */

/* Begin PBXCopyFilesBuildPhase section */
		D86D74A7253377BA00C53DF8 /* Embed App Extensions */ = {
			isa = PBXCopyFilesBuildPhase;
			buildActionMask = 2147483647;
			dstPath = "";
			dstSubfolderSpec = 13;
			files = (
			);
			name = "Embed App Extensions";
			runOnlyForDeploymentPostprocessing = 0;
		};
/* End PBXCopyFilesBuildPhase section */

/* Begin PBXFileReference section */
		00B25AB9F5A97C43ED7027D9 /* Pods-AnimeApp.debug.xcconfig */ = {isa = PBXFileReference; includeInIndex = 1; lastKnownFileType = text.xcconfig; name = "Pods-AnimeApp.debug.xcconfig"; path = "Target Support Files/Pods-AnimeApp/Pods-AnimeApp.debug.xcconfig"; sourceTree = "<group>"; };
		14A4270E7D6716F9355F2B12 /* Pods-AIEnglishApp.release.xcconfig */ = {isa = PBXFileReference; includeInIndex = 1; lastKnownFileType = text.xcconfig; name = "Pods-AIEnglishApp.release.xcconfig"; path = "Target Support Files/Pods-AIEnglishApp/Pods-AIEnglishApp.release.xcconfig"; sourceTree = "<group>"; };
		24031DE72B04718200E2FE53 /* SF-Pro-Text-Heavy.ttf */ = {isa = PBXFileReference; lastKnownFileType = file; path = "SF-Pro-Text-Heavy.ttf"; sourceTree = "<group>"; };
		2439149C296405A00038474C /* Base */ = {isa = PBXFileReference; lastKnownFileType = file.storyboard; name = Base; path = "Base.lproj/Launch Screen.storyboard"; sourceTree = "<group>"; };
		24455A5C29C168FC00836890 /* Qonversion.framework */ = {isa = PBXFileReference; explicitFileType = wrapper.framework; path = Qonversion.framework; sourceTree = BUILT_PRODUCTS_DIR; };
		24455A6029C169B100836890 /* StoreKit.framework */ = {isa = PBXFileReference; lastKnownFileType = wrapper.framework; name = StoreKit.framework; path = Platforms/iPhoneOS.platform/Developer/SDKs/iPhoneOS16.2.sdk/System/Library/Frameworks/StoreKit.framework; sourceTree = DEVELOPER_DIR; };
		247DA2332B348C2800487563 /* MainViewController.swift */ = {isa = PBXFileReference; lastKnownFileType = sourcecode.swift; path = MainViewController.swift; sourceTree = "<group>"; };
		249C2A2C29B889DC00E2E8DC /* Qonversion.framework */ = {isa = PBXFileReference; explicitFileType = wrapper.framework; path = Qonversion.framework; sourceTree = BUILT_PRODUCTS_DIR; };
		249DF8BD2AFB8E39008E6F48 /* GoogleService-Info.plist */ = {isa = PBXFileReference; fileEncoding = 4; lastKnownFileType = text.plist.xml; path = "GoogleService-Info.plist"; sourceTree = "<group>"; };
		249DF8BF2AFB8E44008E6F48 /* SF-Pro-Text-Medium.ttf */ = {isa = PBXFileReference; lastKnownFileType = file; path = "SF-Pro-Text-Medium.ttf"; sourceTree = "<group>"; };
		249DF8C02AFB8E44008E6F48 /* SF-Pro-Text-Regular.ttf */ = {isa = PBXFileReference; lastKnownFileType = file; path = "SF-Pro-Text-Regular.ttf"; sourceTree = "<group>"; };
		249DF8C12AFB8E44008E6F48 /* SF-Pro-Text-Semibold.ttf */ = {isa = PBXFileReference; lastKnownFileType = file; path = "SF-Pro-Text-Semibold.ttf"; sourceTree = "<group>"; };
		249DF8C22AFB8E45008E6F48 /* SF-Pro-Text-Bold.ttf */ = {isa = PBXFileReference; lastKnownFileType = file; path = "SF-Pro-Text-Bold.ttf"; sourceTree = "<group>"; };
		24BA309D2ADFE09100C778D7 /* AdSupport.framework */ = {isa = PBXFileReference; lastKnownFileType = wrapper.framework; name = AdSupport.framework; path = Platforms/iPhoneOS.platform/Developer/SDKs/iPhoneOS17.0.sdk/System/Library/Frameworks/AdSupport.framework; sourceTree = DEVELOPER_DIR; };
		24ECFB8A290294DA008F7DA5 /* R.generated.swift */ = {isa = PBXFileReference; fileEncoding = 4; lastKnownFileType = sourcecode.swift; path = R.generated.swift; sourceTree = SOURCE_ROOT; };
		2C81CDB2F24C3513B3FF3B3A /* Pods_AquariumWidgetExtension.framework */ = {isa = PBXFileReference; explicitFileType = wrapper.framework; includeInIndex = 0; path = Pods_AquariumWidgetExtension.framework; sourceTree = BUILT_PRODUCTS_DIR; };
		497302D0F5D6C747992D8E73 /* Pods-BaseProjectApp.debug.xcconfig */ = {isa = PBXFileReference; includeInIndex = 1; lastKnownFileType = text.xcconfig; name = "Pods-BaseProjectApp.debug.xcconfig"; path = "Target Support Files/Pods-BaseProjectApp/Pods-BaseProjectApp.debug.xcconfig"; sourceTree = "<group>"; };
		5A3F6EB928DF66BB0066A8A5 /* BaseProjectApp.entitlements */ = {isa = PBXFileReference; fileEncoding = 4; lastKnownFileType = text.plist.entitlements; path = BaseProjectApp.entitlements; sourceTree = "<group>"; };
		69213C3A46FB18861EDDD2E9 /* Pods_BaseProjectApp.framework */ = {isa = PBXFileReference; explicitFileType = wrapper.framework; includeInIndex = 0; path = Pods_BaseProjectApp.framework; sourceTree = BUILT_PRODUCTS_DIR; };
		76EE4AECC0B52CC466BB8D05 /* Pods-BaseProjectApp.release.xcconfig */ = {isa = PBXFileReference; includeInIndex = 1; lastKnownFileType = text.xcconfig; name = "Pods-BaseProjectApp.release.xcconfig"; path = "Target Support Files/Pods-BaseProjectApp/Pods-BaseProjectApp.release.xcconfig"; sourceTree = "<group>"; };
		7FCAF06C26C2814000940D98 /* StoreKit.framework */ = {isa = PBXFileReference; lastKnownFileType = wrapper.framework; name = StoreKit.framework; path = Platforms/iPhoneOS.platform/Developer/SDKs/iPhoneOS15.0.sdk/System/Library/Frameworks/StoreKit.framework; sourceTree = DEVELOPER_DIR; };
		918E1737999526BB79249ED1 /* Pods-AnimeDiffusionApp.debug.xcconfig */ = {isa = PBXFileReference; includeInIndex = 1; lastKnownFileType = text.xcconfig; name = "Pods-AnimeDiffusionApp.debug.xcconfig"; path = "Target Support Files/Pods-AnimeDiffusionApp/Pods-AnimeDiffusionApp.debug.xcconfig"; sourceTree = "<group>"; };
		9C4DDFD18FF485DF1C4EBB42 /* Pods-AnimeDiffusionApp.release.xcconfig */ = {isa = PBXFileReference; includeInIndex = 1; lastKnownFileType = text.xcconfig; name = "Pods-AnimeDiffusionApp.release.xcconfig"; path = "Target Support Files/Pods-AnimeDiffusionApp/Pods-AnimeDiffusionApp.release.xcconfig"; sourceTree = "<group>"; };
		A4162F10CC95063261CCB3B0 /* Pods-AnimeApp.release.xcconfig */ = {isa = PBXFileReference; includeInIndex = 1; lastKnownFileType = text.xcconfig; name = "Pods-AnimeApp.release.xcconfig"; path = "Target Support Files/Pods-AnimeApp/Pods-AnimeApp.release.xcconfig"; sourceTree = "<group>"; };
		BE2C227122A8E93D003526A6 /* BaseProjectApp.app */ = {isa = PBXFileReference; explicitFileType = wrapper.application; includeInIndex = 0; path = BaseProjectApp.app; sourceTree = BUILT_PRODUCTS_DIR; };
		BE2C22B222A8EE6C003526A6 /* Assets.xcassets */ = {isa = PBXFileReference; lastKnownFileType = folder.assetcatalog; path = Assets.xcassets; sourceTree = "<group>"; };
		BE2C22C522A8EEC4003526A6 /* project-release.xcconfig */ = {isa = PBXFileReference; fileEncoding = 4; lastKnownFileType = text.xcconfig; path = "project-release.xcconfig"; sourceTree = "<group>"; };
		BE2C22C622A8EEC4003526A6 /* test-iOS-release.xcconfig */ = {isa = PBXFileReference; fileEncoding = 4; lastKnownFileType = text.xcconfig; path = "test-iOS-release.xcconfig"; sourceTree = "<group>"; };
		BE2C22C722A8EEC4003526A6 /* app-iOS-release.xcconfig */ = {isa = PBXFileReference; fileEncoding = 4; lastKnownFileType = text.xcconfig; path = "app-iOS-release.xcconfig"; sourceTree = "<group>"; };
		BE2C22C922A8EEC4003526A6 /* test-iOS-debug.xcconfig */ = {isa = PBXFileReference; fileEncoding = 4; lastKnownFileType = text.xcconfig; path = "test-iOS-debug.xcconfig"; sourceTree = "<group>"; };
		BE2C22CA22A8EEC4003526A6 /* project-debug.xcconfig */ = {isa = PBXFileReference; fileEncoding = 4; lastKnownFileType = text.xcconfig; path = "project-debug.xcconfig"; sourceTree = "<group>"; };
		BE2C22CB22A8EEC4003526A6 /* app-iOS-debug.xcconfig */ = {isa = PBXFileReference; fileEncoding = 4; lastKnownFileType = text.xcconfig; path = "app-iOS-debug.xcconfig"; sourceTree = "<group>"; };
		BE2C22DF22A8F134003526A6 /* AppDelegate.swift */ = {isa = PBXFileReference; lastKnownFileType = sourcecode.swift; path = AppDelegate.swift; sourceTree = "<group>"; };
		C33067FC2B355B340005F6FD /* WeatherDataTableViewCell.swift */ = {isa = PBXFileReference; lastKnownFileType = sourcecode.swift; path = WeatherDataTableViewCell.swift; sourceTree = "<group>"; };
		C33067FE2B358B6E0005F6FD /* cloudy.png */ = {isa = PBXFileReference; lastKnownFileType = image.png; name = cloudy.png; path = ../../../../Downloads/cloudy.png; sourceTree = "<group>"; };
		C33068002B35938A0005F6FD /* WeatherViewCell.swift */ = {isa = PBXFileReference; lastKnownFileType = sourcecode.swift; path = WeatherViewCell.swift; sourceTree = "<group>"; };
		C33917452B3C06E8002A32D1 /* CountryTableViewCell.swift */ = {isa = PBXFileReference; lastKnownFileType = sourcecode.swift; path = CountryTableViewCell.swift; sourceTree = "<group>"; };
		C39207712B43D7A6009F7AD6 /* CountryLikeTableViewCell.swift */ = {isa = PBXFileReference; lastKnownFileType = sourcecode.swift; path = CountryLikeTableViewCell.swift; sourceTree = "<group>"; };
		C3B6324D2B39402100095CE2 /* CountriesViewController.swift */ = {isa = PBXFileReference; lastKnownFileType = sourcecode.swift; path = CountriesViewController.swift; sourceTree = "<group>"; };
		C3B632512B395C6400095CE2 /* icon-refresh.png */ = {isa = PBXFileReference; lastKnownFileType = image.png; name = "icon-refresh.png"; path = "../../../../Downloads/icon-refresh.png"; sourceTree = "<group>"; };
		C3B632532B39637500095CE2 /* CountriesLikeViewController.swift */ = {isa = PBXFileReference; lastKnownFileType = sourcecode.swift; path = CountriesLikeViewController.swift; sourceTree = "<group>"; };
		C3B6325C2B3A868B00095CE2 /* NetworkConstants.swift */ = {isa = PBXFileReference; lastKnownFileType = sourcecode.swift; path = NetworkConstants.swift; sourceTree = "<group>"; };
		C3B632602B3A880600095CE2 /* BaseRequestService.swift */ = {isa = PBXFileReference; lastKnownFileType = sourcecode.swift; path = BaseRequestService.swift; sourceTree = "<group>"; };
		C3B632662B3AC41300095CE2 /* DemoJsonDummy.swift */ = {isa = PBXFileReference; lastKnownFileType = sourcecode.swift; path = DemoJsonDummy.swift; sourceTree = "<group>"; };
		C3B632682B3AD64300095CE2 /* CountryWeather.swift */ = {isa = PBXFileReference; lastKnownFileType = sourcecode.swift; path = CountryWeather.swift; sourceTree = "<group>"; };
		C3B6326A2B3AF9CD00095CE2 /* DayWeather.swift */ = {isa = PBXFileReference; lastKnownFileType = sourcecode.swift; path = DayWeather.swift; sourceTree = "<group>"; };
		C3B6326D2B3BF88400095CE2 /* ConvertUilt.swift */ = {isa = PBXFileReference; lastKnownFileType = sourcecode.swift; path = ConvertUilt.swift; sourceTree = "<group>"; };
		C3B6326F2B3C003600095CE2 /* Country.swift */ = {isa = PBXFileReference; lastKnownFileType = sourcecode.swift; path = Country.swift; sourceTree = "<group>"; };
		C3B7C65A2B3D16DD008B90CF /* WeatherViewModel.swift */ = {isa = PBXFileReference; lastKnownFileType = sourcecode.swift; path = WeatherViewModel.swift; sourceTree = "<group>"; };
		C3B7C65C2B3EA8D2008B90CF /* DelegateCountry.swift */ = {isa = PBXFileReference; lastKnownFileType = sourcecode.swift; path = DelegateCountry.swift; sourceTree = "<group>"; };
		C3FDAF912B44F8EF00A95FA6 /* Configs.swift */ = {isa = PBXFileReference; lastKnownFileType = sourcecode.swift; path = Configs.swift; sourceTree = "<group>"; };
		C3FDAF972B455D4500A95FA6 /* CountriesViewModel.swift */ = {isa = PBXFileReference; lastKnownFileType = sourcecode.swift; path = CountriesViewModel.swift; sourceTree = "<group>"; };
		CAA6B170F25CDAD6DF522015 /* Pods-AIEnglishApp.debug.xcconfig */ = {isa = PBXFileReference; includeInIndex = 1; lastKnownFileType = text.xcconfig; name = "Pods-AIEnglishApp.debug.xcconfig"; path = "Target Support Files/Pods-AIEnglishApp/Pods-AIEnglishApp.debug.xcconfig"; sourceTree = "<group>"; };
		D8158C5126106F17005CD0EB /* RxCocoa.framework */ = {isa = PBXFileReference; explicitFileType = wrapper.framework; path = RxCocoa.framework; sourceTree = BUILT_PRODUCTS_DIR; };
		D8158C5226106F17005CD0EB /* RxRelay.framework */ = {isa = PBXFileReference; explicitFileType = wrapper.framework; path = RxRelay.framework; sourceTree = BUILT_PRODUCTS_DIR; };
		D8158C5326106F17005CD0EB /* RxSwift.framework */ = {isa = PBXFileReference; explicitFileType = wrapper.framework; path = RxSwift.framework; sourceTree = BUILT_PRODUCTS_DIR; };
		D8158C5426106F17005CD0EB /* SwiftDate.framework */ = {isa = PBXFileReference; explicitFileType = wrapper.framework; path = SwiftDate.framework; sourceTree = BUILT_PRODUCTS_DIR; };
		D8158CFB2610CA60005CD0EB /* Configuration.storekit */ = {isa = PBXFileReference; lastKnownFileType = text; path = Configuration.storekit; sourceTree = "<group>"; };
		D81E7E8A23A0E25300DC31A6 /* MobileVLCKit.framework */ = {isa = PBXFileReference; lastKnownFileType = wrapper.framework; name = MobileVLCKit.framework; path = Pods/MobileVLCKit/MobileVLCKit.framework; sourceTree = "<group>"; };
		D85B2D6C2451CA6C00300F57 /* LaunchScreen.storyboard */ = {isa = PBXFileReference; fileEncoding = 4; lastKnownFileType = file.storyboard; path = LaunchScreen.storyboard; sourceTree = "<group>"; };
		D86D7497253377B800C53DF8 /* WidgetKit.framework */ = {isa = PBXFileReference; lastKnownFileType = wrapper.framework; name = WidgetKit.framework; path = Library/Frameworks/WidgetKit.framework; sourceTree = DEVELOPER_DIR; };
		D86D7499253377B800C53DF8 /* SwiftUI.framework */ = {isa = PBXFileReference; lastKnownFileType = wrapper.framework; name = SwiftUI.framework; path = System/Library/Frameworks/SwiftUI.framework; sourceTree = SDKROOT; };
		D88E8CB725812207009864A9 /* Plist */ = {isa = PBXFileReference; lastKnownFileType = folder; path = Plist; sourceTree = "<group>"; };
		D89C504B249E6077001552F5 /* SpriteKit.framework */ = {isa = PBXFileReference; lastKnownFileType = wrapper.framework; name = SpriteKit.framework; path = Platforms/iPhoneOS.platform/Developer/SDKs/iPhoneOS13.5.sdk/System/Library/Frameworks/SpriteKit.framework; sourceTree = DEVELOPER_DIR; };
		D8A3B18A2622C39400BAAC41 /* Main.storyboard */ = {isa = PBXFileReference; lastKnownFileType = file.storyboard; path = Main.storyboard; sourceTree = "<group>"; };
		D8A8100E25345CD700C7D68D /* SwiftDate.framework */ = {isa = PBXFileReference; explicitFileType = wrapper.framework; path = SwiftDate.framework; sourceTree = BUILT_PRODUCTS_DIR; };
		D8B523C4236945E1003521A6 /* AdSupport.framework */ = {isa = PBXFileReference; lastKnownFileType = wrapper.framework; name = AdSupport.framework; path = Platforms/iPhoneOS.platform/Developer/SDKs/iPhoneOS13.1.sdk/System/Library/Frameworks/AdSupport.framework; sourceTree = DEVELOPER_DIR; };
		D8B523C62369461F003521A6 /* iAd.framework */ = {isa = PBXFileReference; lastKnownFileType = wrapper.framework; name = iAd.framework; path = Platforms/iPhoneOS.platform/Developer/SDKs/iPhoneOS13.1.sdk/System/Library/Frameworks/iAd.framework; sourceTree = DEVELOPER_DIR; };
		EFF5AD74D745EF85F2D02A50 /* Pods-GrammarAIApp.release.xcconfig */ = {isa = PBXFileReference; includeInIndex = 1; lastKnownFileType = text.xcconfig; name = "Pods-GrammarAIApp.release.xcconfig"; path = "Target Support Files/Pods-GrammarAIApp/Pods-GrammarAIApp.release.xcconfig"; sourceTree = "<group>"; };
		FDF1A16DD12FED773C493A36 /* Pods-GrammarAIApp.debug.xcconfig */ = {isa = PBXFileReference; includeInIndex = 1; lastKnownFileType = text.xcconfig; name = "Pods-GrammarAIApp.debug.xcconfig"; path = "Target Support Files/Pods-GrammarAIApp/Pods-GrammarAIApp.debug.xcconfig"; sourceTree = "<group>"; };
/* End PBXFileReference section */

/* Begin PBXFrameworksBuildPhase section */
		BE2C226E22A8E93D003526A6 /* Frameworks */ = {
			isa = PBXFrameworksBuildPhase;
			buildActionMask = 2147483647;
			files = (
				24455A6129C169B100836890 /* StoreKit.framework in Frameworks */,
				24BA309E2ADFE09100C778D7 /* AdSupport.framework in Frameworks */,
				0E4C3ABD2DB396A5A55E7255 /* Pods_BaseProjectApp.framework in Frameworks */,
			);
			runOnlyForDeploymentPostprocessing = 0;
		};
/* End PBXFrameworksBuildPhase section */

/* Begin PBXGroup section */
		8486F93C2429F07E00E2C980 /* Storyboards */ = {
			isa = PBXGroup;
			children = (
				D85B2D6C2451CA6C00300F57 /* LaunchScreen.storyboard */,
				D8A3B18A2622C39400BAAC41 /* Main.storyboard */,
			);
			path = Storyboards;
			sourceTree = "<group>";
		};
		BE2C226822A8E93D003526A6 = {
			isa = PBXGroup;
			children = (
				BE2C22A422A8EE6C003526A6 /* Resources */,
				BE2C22A222A8EE6C003526A6 /* Sources */,
				BE2C22C322A8EEC4003526A6 /* Config */,
				BE2C227222A8E93D003526A6 /* Products */,
				BE2C22EE22A903E6003526A6 /* Frameworks */,
				D8A8102325345D2F00C7D68D /* Recovered References */,
				D7C7DE150C8D1C51F6EEEA7F /* Pods */,
			);
			sourceTree = "<group>";
		};
		BE2C227222A8E93D003526A6 /* Products */ = {
			isa = PBXGroup;
			children = (
				BE2C227122A8E93D003526A6 /* BaseProjectApp.app */,
			);
			name = Products;
			sourceTree = "<group>";
		};
		BE2C22A222A8EE6C003526A6 /* Sources */ = {
			isa = PBXGroup;
			children = (
				BE2C22A322A8EE6C003526A6 /* App */,
			);
			path = Sources;
			sourceTree = "<group>";
		};
		BE2C22A322A8EE6C003526A6 /* App */ = {
			isa = PBXGroup;
			children = (
				C3B6326C2B3BD5E900095CE2 /* Uilt */,
				C3B632592B3A850A00095CE2 /* Networking */,
				C3B632562B39662600095CE2 /* ViewModel */,
				C3B632552B3965F000095CE2 /* Model */,
				D867F1622434931B009C5051 /* Configs */,
				8486F93C2429F07E00E2C980 /* Storyboards */,
				D843E39D249139F800152B47 /* Views */,
			);
			path = App;
			sourceTree = "<group>";
		};
		BE2C22A422A8EE6C003526A6 /* Resources */ = {
			isa = PBXGroup;
			children = (
				249DF8BD2AFB8E39008E6F48 /* GoogleService-Info.plist */,
				BE2C22B222A8EE6C003526A6 /* Assets.xcassets */,
				C3B632512B395C6400095CE2 /* icon-refresh.png */,
				C33067FE2B358B6E0005F6FD /* cloudy.png */,
				D8158CFB2610CA60005CD0EB /* Configuration.storekit */,
				D87C09242536119800F8A92D /* Fonts */,
				5A3F6EB928DF66BB0066A8A5 /* BaseProjectApp.entitlements */,
				2439149D296405A00038474C /* Launch Screen.storyboard */,
				D88E8CB725812207009864A9 /* Plist */,
				24ECFB8A290294DA008F7DA5 /* R.generated.swift */,
			);
			path = Resources;
			sourceTree = "<group>";
		};
		BE2C22C322A8EEC4003526A6 /* Config */ = {
			isa = PBXGroup;
			children = (
				BE2C22C822A8EEC4003526A6 /* Debug */,
				BE2C22C422A8EEC4003526A6 /* Release */,
			);
			path = Config;
			sourceTree = "<group>";
		};
		BE2C22C422A8EEC4003526A6 /* Release */ = {
			isa = PBXGroup;
			children = (
				BE2C22C522A8EEC4003526A6 /* project-release.xcconfig */,
				BE2C22C722A8EEC4003526A6 /* app-iOS-release.xcconfig */,
				BE2C22C622A8EEC4003526A6 /* test-iOS-release.xcconfig */,
			);
			path = Release;
			sourceTree = "<group>";
		};
		BE2C22C822A8EEC4003526A6 /* Debug */ = {
			isa = PBXGroup;
			children = (
				BE2C22CA22A8EEC4003526A6 /* project-debug.xcconfig */,
				BE2C22CB22A8EEC4003526A6 /* app-iOS-debug.xcconfig */,
				BE2C22C922A8EEC4003526A6 /* test-iOS-debug.xcconfig */,
			);
			path = Debug;
			sourceTree = "<group>";
		};
		BE2C22EE22A903E6003526A6 /* Frameworks */ = {
			isa = PBXGroup;
			children = (
				24BA309D2ADFE09100C778D7 /* AdSupport.framework */,
				24455A6029C169B100836890 /* StoreKit.framework */,
				24455A5C29C168FC00836890 /* Qonversion.framework */,
				249C2A2C29B889DC00E2E8DC /* Qonversion.framework */,
				7FCAF06C26C2814000940D98 /* StoreKit.framework */,
				D8158C5126106F17005CD0EB /* RxCocoa.framework */,
				D8158C5226106F17005CD0EB /* RxRelay.framework */,
				D8158C5326106F17005CD0EB /* RxSwift.framework */,
				D8158C5426106F17005CD0EB /* SwiftDate.framework */,
				D8A8100E25345CD700C7D68D /* SwiftDate.framework */,
				D89C504B249E6077001552F5 /* SpriteKit.framework */,
				D81E7E8A23A0E25300DC31A6 /* MobileVLCKit.framework */,
				D8B523C62369461F003521A6 /* iAd.framework */,
				D8B523C4236945E1003521A6 /* AdSupport.framework */,
				D86D7497253377B800C53DF8 /* WidgetKit.framework */,
				D86D7499253377B800C53DF8 /* SwiftUI.framework */,
				2C81CDB2F24C3513B3FF3B3A /* Pods_AquariumWidgetExtension.framework */,
				69213C3A46FB18861EDDD2E9 /* Pods_BaseProjectApp.framework */,
			);
			name = Frameworks;
			sourceTree = "<group>";
		};
		C3B632552B3965F000095CE2 /* Model */ = {
			isa = PBXGroup;
			children = (
				C3B632682B3AD64300095CE2 /* CountryWeather.swift */,
				C3B6326A2B3AF9CD00095CE2 /* DayWeather.swift */,
				C3B6326F2B3C003600095CE2 /* Country.swift */,
				C3B7C65C2B3EA8D2008B90CF /* DelegateCountry.swift */,
			);
			name = Model;
			sourceTree = "<group>";
		};
		C3B632562B39662600095CE2 /* ViewModel */ = {
			isa = PBXGroup;
			children = (
				C3B7C65A2B3D16DD008B90CF /* WeatherViewModel.swift */,
				C3FDAF972B455D4500A95FA6 /* CountriesViewModel.swift */,
			);
			name = ViewModel;
			sourceTree = "<group>";
		};
		C3B632592B3A850A00095CE2 /* Networking */ = {
			isa = PBXGroup;
			children = (
				C3B6325C2B3A868B00095CE2 /* NetworkConstants.swift */,
				C3B632602B3A880600095CE2 /* BaseRequestService.swift */,
				C3B632662B3AC41300095CE2 /* DemoJsonDummy.swift */,
			);
			name = Networking;
			sourceTree = "<group>";
		};
		C3B6326C2B3BD5E900095CE2 /* Uilt */ = {
			isa = PBXGroup;
			children = (
				C3B6326D2B3BF88400095CE2 /* ConvertUilt.swift */,
			);
			name = Uilt;
			sourceTree = "<group>";
		};
		D7C7DE150C8D1C51F6EEEA7F /* Pods */ = {
			isa = PBXGroup;
			children = (
				00B25AB9F5A97C43ED7027D9 /* Pods-AnimeApp.debug.xcconfig */,
				A4162F10CC95063261CCB3B0 /* Pods-AnimeApp.release.xcconfig */,
				918E1737999526BB79249ED1 /* Pods-AnimeDiffusionApp.debug.xcconfig */,
				9C4DDFD18FF485DF1C4EBB42 /* Pods-AnimeDiffusionApp.release.xcconfig */,
				CAA6B170F25CDAD6DF522015 /* Pods-AIEnglishApp.debug.xcconfig */,
				14A4270E7D6716F9355F2B12 /* Pods-AIEnglishApp.release.xcconfig */,
				FDF1A16DD12FED773C493A36 /* Pods-GrammarAIApp.debug.xcconfig */,
				EFF5AD74D745EF85F2D02A50 /* Pods-GrammarAIApp.release.xcconfig */,
				497302D0F5D6C747992D8E73 /* Pods-BaseProjectApp.debug.xcconfig */,
				76EE4AECC0B52CC466BB8D05 /* Pods-BaseProjectApp.release.xcconfig */,
			);
			path = Pods;
			sourceTree = "<group>";
		};
		D843E39D249139F800152B47 /* Views */ = {
			isa = PBXGroup;
			children = (
				247DA2332B348C2800487563 /* MainViewController.swift */,
				C33067FC2B355B340005F6FD /* WeatherDataTableViewCell.swift */,
				C33068002B35938A0005F6FD /* WeatherViewCell.swift */,
				C3B6324D2B39402100095CE2 /* CountriesViewController.swift */,
				C3B632532B39637500095CE2 /* CountriesLikeViewController.swift */,
				C33917452B3C06E8002A32D1 /* CountryTableViewCell.swift */,
				C39207712B43D7A6009F7AD6 /* CountryLikeTableViewCell.swift */,
			);
			path = Views;
			sourceTree = "<group>";
		};
		D867F1622434931B009C5051 /* Configs */ = {
			isa = PBXGroup;
			children = (
				BE2C22DF22A8F134003526A6 /* AppDelegate.swift */,
				C3FDAF912B44F8EF00A95FA6 /* Configs.swift */,
			);
			path = Configs;
			sourceTree = "<group>";
		};
		D87C09242536119800F8A92D /* Fonts */ = {
			isa = PBXGroup;
			children = (
				24031DE72B04718200E2FE53 /* SF-Pro-Text-Heavy.ttf */,
				249DF8C22AFB8E45008E6F48 /* SF-Pro-Text-Bold.ttf */,
				249DF8BF2AFB8E44008E6F48 /* SF-Pro-Text-Medium.ttf */,
				249DF8C02AFB8E44008E6F48 /* SF-Pro-Text-Regular.ttf */,
				249DF8C12AFB8E44008E6F48 /* SF-Pro-Text-Semibold.ttf */,
			);
			path = Fonts;
			sourceTree = "<group>";
		};
		D8A8102325345D2F00C7D68D /* Recovered References */ = {
			isa = PBXGroup;
			children = (
			);
			name = "Recovered References";
			sourceTree = "<group>";
		};
/* End PBXGroup section */

/* Begin PBXNativeTarget section */
		BE2C227022A8E93D003526A6 /* BaseProjectApp */ = {
			isa = PBXNativeTarget;
			buildConfigurationList = BE2C229922A8E93F003526A6 /* Build configuration list for PBXNativeTarget "BaseProjectApp" */;
			buildPhases = (
				C4C6ECFB32B8BF4F569BA60C /* [CP] Check Pods Manifest.lock */,
				24ECFB892902948E008F7DA5 /* ShellScript */,
				BE2C226D22A8E93D003526A6 /* Sources */,
				BE2C226E22A8E93D003526A6 /* Frameworks */,
				BE2C226F22A8E93D003526A6 /* Resources */,
				D86D74A7253377BA00C53DF8 /* Embed App Extensions */,
				8AA49401E8E50482DB83D269 /* [CP] Embed Pods Frameworks */,
				D8158CE32610C241005CD0EB /* Run Script */,
			);
			buildRules = (
			);
			dependencies = (
			);
			name = BaseProjectApp;
			productName = tvcast;
			productReference = BE2C227122A8E93D003526A6 /* BaseProjectApp.app */;
			productType = "com.apple.product-type.application";
		};
/* End PBXNativeTarget section */

/* Begin PBXProject section */
		BE2C226922A8E93D003526A6 /* Project object */ = {
			isa = PBXProject;
			attributes = {
				LastSwiftUpdateCheck = 1300;
				LastUpgradeCheck = 1200;
				ORGANIZATIONNAME = "Vulcan Labs";
				TargetAttributes = {
					BE2C227022A8E93D003526A6 = {
						CreatedOnToolsVersion = 10.2;
						LastSwiftMigration = 1510;
						SystemCapabilities = {
							com.apple.BackgroundModes = {
								enabled = 1;
							};
							com.apple.DataProtection = {
								enabled = 1;
							};
							com.apple.InAppPurchase = {
								enabled = 1;
							};
						};
					};
				};
			};
			buildConfigurationList = BE2C226C22A8E93D003526A6 /* Build configuration list for PBXProject "BaseProjectApp" */;
			compatibilityVersion = "Xcode 9.3";
			developmentRegion = en;
			hasScannedForEncodings = 0;
			knownRegions = (
				en,
				Base,
			);
			mainGroup = BE2C226822A8E93D003526A6;
			productRefGroup = BE2C227222A8E93D003526A6 /* Products */;
			projectDirPath = "";
			projectRoot = "";
			targets = (
				BE2C227022A8E93D003526A6 /* BaseProjectApp */,
			);
		};
/* End PBXProject section */

/* Begin PBXResourcesBuildPhase section */
		BE2C226F22A8E93D003526A6 /* Resources */ = {
			isa = PBXResourcesBuildPhase;
			buildActionMask = 2147483647;
			files = (
				D88E8CB825812207009864A9 /* Plist in Resources */,
				C33067FF2B358B6E0005F6FD /* cloudy.png in Resources */,
				24031DE82B04718200E2FE53 /* SF-Pro-Text-Heavy.ttf in Resources */,
				249DF8C62AFB8E45008E6F48 /* SF-Pro-Text-Bold.ttf in Resources */,
				D85B2D6E2451CA6C00300F57 /* LaunchScreen.storyboard in Resources */,
				249DF8C32AFB8E45008E6F48 /* SF-Pro-Text-Medium.ttf in Resources */,
				249DF8C42AFB8E45008E6F48 /* SF-Pro-Text-Regular.ttf in Resources */,
				249DF8C52AFB8E45008E6F48 /* SF-Pro-Text-Semibold.ttf in Resources */,
				D8729C8F2431A2250045F4FF /* Assets.xcassets in Resources */,
				2439149B296405A00038474C /* Launch Screen.storyboard in Resources */,
				D8A3B18B2622C39400BAAC41 /* Main.storyboard in Resources */,
				249DF8BE2AFB8E39008E6F48 /* GoogleService-Info.plist in Resources */,
				C3B632522B395C6400095CE2 /* icon-refresh.png in Resources */,
			);
			runOnlyForDeploymentPostprocessing = 0;
		};
/* End PBXResourcesBuildPhase section */

/* Begin PBXShellScriptBuildPhase section */
		24ECFB892902948E008F7DA5 /* ShellScript */ = {
			isa = PBXShellScriptBuildPhase;
			buildActionMask = 2147483647;
			files = (
			);
			inputFileListPaths = (
			);
			inputPaths = (
			);
			outputFileListPaths = (
			);
			outputPaths = (
				$SRCROOT/R.generated.swift,
			);
			runOnlyForDeploymentPostprocessing = 0;
			shellPath = /bin/sh;
			shellScript = "\"$PODS_ROOT/R.swift/rswift\" generate \"$SRCROOT/R.generated.swift\"\n";
		};
		8AA49401E8E50482DB83D269 /* [CP] Embed Pods Frameworks */ = {
			isa = PBXShellScriptBuildPhase;
			buildActionMask = 12;
			files = (
			);
			inputFileListPaths = (
				"${PODS_ROOT}/Target Support Files/Pods-BaseProjectApp/Pods-BaseProjectApp-frameworks-${CONFIGURATION}-input-files.xcfilelist",
			);
			name = "[CP] Embed Pods Frameworks";
			outputFileListPaths = (
				"${PODS_ROOT}/Target Support Files/Pods-BaseProjectApp/Pods-BaseProjectApp-frameworks-${CONFIGURATION}-output-files.xcfilelist",
			);
			runOnlyForDeploymentPostprocessing = 0;
			shellPath = /bin/sh;
			shellScript = "\"${PODS_ROOT}/Target Support Files/Pods-BaseProjectApp/Pods-BaseProjectApp-frameworks.sh\"\n";
			showEnvVarsInLog = 0;
		};
		C4C6ECFB32B8BF4F569BA60C /* [CP] Check Pods Manifest.lock */ = {
			isa = PBXShellScriptBuildPhase;
			buildActionMask = 2147483647;
			files = (
			);
			inputFileListPaths = (
			);
			inputPaths = (
				"${PODS_PODFILE_DIR_PATH}/Podfile.lock",
				"${PODS_ROOT}/Manifest.lock",
			);
			name = "[CP] Check Pods Manifest.lock";
			outputFileListPaths = (
			);
			outputPaths = (
				"$(DERIVED_FILE_DIR)/Pods-BaseProjectApp-checkManifestLockResult.txt",
			);
			runOnlyForDeploymentPostprocessing = 0;
			shellPath = /bin/sh;
			shellScript = "diff \"${PODS_PODFILE_DIR_PATH}/Podfile.lock\" \"${PODS_ROOT}/Manifest.lock\" > /dev/null\nif [ $? != 0 ] ; then\n    # print error to STDERR\n    echo \"error: The sandbox is not in sync with the Podfile.lock. Run 'pod install' or update your CocoaPods installation.\" >&2\n    exit 1\nfi\n# This output is used by Xcode 'outputs' to avoid re-running this script phase.\necho \"SUCCESS\" > \"${SCRIPT_OUTPUT_FILE_0}\"\n";
			showEnvVarsInLog = 0;
		};
		D8158CE32610C241005CD0EB /* Run Script */ = {
			isa = PBXShellScriptBuildPhase;
			buildActionMask = 2147483647;
			files = (
			);
			inputFileListPaths = (
			);
			inputPaths = (
				"${DWARF_DSYM_FOLDER_PATH}/${DWARF_DSYM_FILE_NAME}/Contents/Resources/DWARF/${TARGET_NAME}",
				"$(SRCROOT)/$(BUILT_PRODUCTS_DIR)/$(INFOPLIST_PATH)",
			);
			name = "Run Script";
			outputFileListPaths = (
			);
			outputPaths = (
			);
			runOnlyForDeploymentPostprocessing = 0;
			shellPath = /bin/sh;
			shellScript = "# Type a script or drag a script file from your workspace to insert its path.\n\"${PODS_ROOT}/FirebaseCrashlytics/run\"\n";
		};
/* End PBXShellScriptBuildPhase section */

/* Begin PBXSourcesBuildPhase section */
		BE2C226D22A8E93D003526A6 /* Sources */ = {
			isa = PBXSourcesBuildPhase;
			buildActionMask = 2147483647;
			files = (
				C3B6325D2B3A868B00095CE2 /* NetworkConstants.swift in Sources */,
				C3B6326B2B3AF9CD00095CE2 /* DayWeather.swift in Sources */,
				C33917462B3C06E8002A32D1 /* CountryTableViewCell.swift in Sources */,
				C3FDAF982B455D4500A95FA6 /* CountriesViewModel.swift in Sources */,
				BE2C22E222A8F134003526A6 /* AppDelegate.swift in Sources */,
				C3B632612B3A880600095CE2 /* BaseRequestService.swift in Sources */,
				247DA2342B348C2800487563 /* MainViewController.swift in Sources */,
				C3B632542B39637500095CE2 /* CountriesLikeViewController.swift in Sources */,
				C3B6326E2B3BF88400095CE2 /* ConvertUilt.swift in Sources */,
				C3B7C65B2B3D16DD008B90CF /* WeatherViewModel.swift in Sources */,
				C3B632702B3C003600095CE2 /* Country.swift in Sources */,
				24ECFB8B290294DA008F7DA5 /* R.generated.swift in Sources */,
				C3B632672B3AC41300095CE2 /* DemoJsonDummy.swift in Sources */,
				C33068012B35938A0005F6FD /* WeatherViewCell.swift in Sources */,
				C3B7C65D2B3EA8D2008B90CF /* DelegateCountry.swift in Sources */,
				C3B6324E2B39402100095CE2 /* CountriesViewController.swift in Sources */,
				C3B632692B3AD64300095CE2 /* CountryWeather.swift in Sources */,
				C33067FD2B355B340005F6FD /* WeatherDataTableViewCell.swift in Sources */,
				C39207722B43D7A6009F7AD6 /* CountryLikeTableViewCell.swift in Sources */,
				C3FDAF922B44F8EF00A95FA6 /* Configs.swift in Sources */,
			);
			runOnlyForDeploymentPostprocessing = 0;
		};
/* End PBXSourcesBuildPhase section */

/* Begin PBXVariantGroup section */
		2439149D296405A00038474C /* Launch Screen.storyboard */ = {
			isa = PBXVariantGroup;
			children = (
				2439149C296405A00038474C /* Base */,
			);
			name = "Launch Screen.storyboard";
			sourceTree = "<group>";
		};
/* End PBXVariantGroup section */

/* Begin XCBuildConfiguration section */
		BE2C229722A8E93F003526A6 /* Debug */ = {
			isa = XCBuildConfiguration;
			baseConfigurationReference = BE2C22CA22A8EEC4003526A6 /* project-debug.xcconfig */;
			buildSettings = {
				CLANG_WARN_QUOTED_INCLUDE_IN_FRAMEWORK_HEADER = YES;
				ENABLE_BITCODE = NO;
				ENABLE_USER_SCRIPT_SANDBOXING = NO;
				IPHONEOS_DEPLOYMENT_TARGET = 12.0;
				NEW_SETTING = "";
				TVOS_DEPLOYMENT_TARGET = 12.0;
			};
			name = Debug;
		};
		BE2C229822A8E93F003526A6 /* Release */ = {
			isa = XCBuildConfiguration;
			baseConfigurationReference = BE2C22C522A8EEC4003526A6 /* project-release.xcconfig */;
			buildSettings = {
				CLANG_WARN_QUOTED_INCLUDE_IN_FRAMEWORK_HEADER = YES;
				ENABLE_BITCODE = NO;
				ENABLE_USER_SCRIPT_SANDBOXING = NO;
				GCC_OPTIMIZATION_LEVEL = 0;
				IPHONEOS_DEPLOYMENT_TARGET = 12.0;
				NEW_SETTING = "";
				TVOS_DEPLOYMENT_TARGET = 12.0;
			};
			name = Release;
		};
		BE2C229A22A8E93F003526A6 /* Debug */ = {
			isa = XCBuildConfiguration;
			baseConfigurationReference = BE2C22CB22A8EEC4003526A6 /* app-iOS-debug.xcconfig */;
			buildSettings = {
				ASSETCATALOG_COMPILER_ALTERNATE_APPICON_NAMES = "\"AppIcon 1\"";
				ASSETCATALOG_COMPILER_APPICON_NAME = "AppIcon 1";
				ASSETCATALOG_COMPILER_INCLUDE_ALL_APPICON_ASSETS = YES;
				CLANG_ENABLE_MODULES = YES;
				CODE_SIGN_ENTITLEMENTS = "$(PROJECT_DIR)/Resources/$(TARGET_NAME).entitlements";
				CODE_SIGN_IDENTITY = "Apple Development";
				CODE_SIGN_STYLE = Automatic;
				CURRENT_PROJECT_VERSION = 1;
				DEBUG_INFORMATION_FORMAT = "dwarf-with-dsym";
				DEVELOPMENT_ASSET_PATHS = "";
				DEVELOPMENT_TEAM = "";
				ENABLE_BITCODE = NO;
				FRAMEWORK_SEARCH_PATHS = (
					"$(inherited)",
					"$(PROJECT_DIR)/Carthage/Build/iOS",
					"$(PROJECT_DIR)/Pods/MobileVLCKit",
				);
				GCC_C_LANGUAGE_STANDARD = gnu11;
				INFOPLIST_FILE = "$(PROJECT_DIR)/Resources/Plist/App_Info.plist";
				INFOPLIST_KEY_CFBundleDisplayName = "Base Project";
				INFOPLIST_KEY_LSApplicationCategoryType = "public.app-category.graphics-design";
				IPHONEOS_DEPLOYMENT_TARGET = 15.0;
				LD_RUNPATH_SEARCH_PATHS = (
					"$(inherited)",
					"@executable_path/Frameworks",
				);
				MARKETING_VERSION = 1.0.0;
				PRODUCT_BUNDLE_IDENTIFIER = tinyleo.com.grammarai;
				PRODUCT_MODULE_NAME = "$(TARGET_NAME)";
				PRODUCT_NAME = BaseProjectApp;
				PROVISIONING_PROFILE_SPECIFIER = "";
				SUPPORTED_PLATFORMS = "iphoneos iphonesimulator";
				SUPPORTS_MACCATALYST = NO;
				SUPPORTS_MAC_DESIGNED_FOR_IPHONE_IPAD = NO;
				SWIFT_OBJC_BRIDGING_HEADER = "";
				SWIFT_OPTIMIZATION_LEVEL = "-Onone";
				SWIFT_OPTIMIZE_OBJECT_LIFETIME = YES;
				SWIFT_VERSION = 5.0;
				TARGETED_DEVICE_FAMILY = 1;
				VALID_ARCHS = "$(ARCHS_STANDARD)";
				WATCHOS_DEPLOYMENT_TARGET = 6.0;
			};
			name = Debug;
		};
		BE2C229B22A8E93F003526A6 /* Release */ = {
			isa = XCBuildConfiguration;
			baseConfigurationReference = BE2C22C722A8EEC4003526A6 /* app-iOS-release.xcconfig */;
			buildSettings = {
				ASSETCATALOG_COMPILER_ALTERNATE_APPICON_NAMES = "\"AppIcon 1\"";
				ASSETCATALOG_COMPILER_APPICON_NAME = "AppIcon 1";
				ASSETCATALOG_COMPILER_INCLUDE_ALL_APPICON_ASSETS = YES;
				CLANG_ENABLE_MODULES = YES;
				CODE_SIGN_ENTITLEMENTS = "$(PROJECT_DIR)/Resources/$(TARGET_NAME).entitlements";
				CODE_SIGN_IDENTITY = "Apple Development";
				CODE_SIGN_STYLE = Automatic;
				CURRENT_PROJECT_VERSION = 1;
				DEVELOPMENT_ASSET_PATHS = "";
				DEVELOPMENT_TEAM = "";
				ENABLE_BITCODE = NO;
				FRAMEWORK_SEARCH_PATHS = (
					"$(inherited)",
					"$(PROJECT_DIR)/Carthage/Build/iOS",
					"$(PROJECT_DIR)/Pods/MobileVLCKit",
				);
				GCC_C_LANGUAGE_STANDARD = gnu11;
				GCC_OPTIMIZATION_LEVEL = 0;
				INFOPLIST_FILE = "$(PROJECT_DIR)/Resources/Plist/App_Info.plist";
				INFOPLIST_KEY_CFBundleDisplayName = "Base Project";
				INFOPLIST_KEY_LSApplicationCategoryType = "public.app-category.graphics-design";
				IPHONEOS_DEPLOYMENT_TARGET = 15.0;
				LD_RUNPATH_SEARCH_PATHS = (
					"$(inherited)",
					"@executable_path/Frameworks",
				);
				MARKETING_VERSION = 1.0.0;
				ONLY_ACTIVE_ARCH = YES;
				PRODUCT_BUNDLE_IDENTIFIER = tinyleo.com.grammarai;
				PRODUCT_MODULE_NAME = "$(TARGET_NAME)";
				PRODUCT_NAME = BaseProjectApp;
				PROVISIONING_PROFILE_SPECIFIER = "";
				SUPPORTED_PLATFORMS = "iphoneos iphonesimulator";
				SUPPORTS_MACCATALYST = NO;
				SUPPORTS_MAC_DESIGNED_FOR_IPHONE_IPAD = NO;
				SWIFT_OBJC_BRIDGING_HEADER = "";
				SWIFT_OPTIMIZATION_LEVEL = "-Onone";
				SWIFT_OPTIMIZE_OBJECT_LIFETIME = YES;
				SWIFT_VERSION = 5.0;
				TARGETED_DEVICE_FAMILY = 1;
				VALID_ARCHS = "$(ARCHS_STANDARD)";
				WATCHOS_DEPLOYMENT_TARGET = 6.0;
			};
			name = Release;
		};
/* End XCBuildConfiguration section */

/* Begin XCConfigurationList section */
		BE2C226C22A8E93D003526A6 /* Build configuration list for PBXProject "BaseProjectApp" */ = {
			isa = XCConfigurationList;
			buildConfigurations = (
				BE2C229722A8E93F003526A6 /* Debug */,
				BE2C229822A8E93F003526A6 /* Release */,
			);
			defaultConfigurationIsVisible = 0;
			defaultConfigurationName = Release;
		};
		BE2C229922A8E93F003526A6 /* Build configuration list for PBXNativeTarget "BaseProjectApp" */ = {
			isa = XCConfigurationList;
			buildConfigurations = (
				BE2C229A22A8E93F003526A6 /* Debug */,
				BE2C229B22A8E93F003526A6 /* Release */,
			);
			defaultConfigurationIsVisible = 0;
			defaultConfigurationName = Release;
		};
/* End XCConfigurationList section */
	};
	rootObject = BE2C226922A8E93D003526A6 /* Project object */;
}
